Microsoft Visual Studio Solution File, Format Version 8.00
Project("{8BC9CEB8-8B4A-11D0-8D11-00A0C91BC942}") = "bzfs", "bzfs.vcproj", "{7FA170AC-5A33-41FC-9B3D-02F9E5173B0E}"
	ProjectSection(ProjectDependencies) = postProject
		{B2B95537-A4CE-4510-96A6-00F7B7303922} = {B2B95537-A4CE-4510-96A6-00F7B7303922}
		{93772A78-3C80-4635-AC84-983B8E0FECF3} = {93772A78-3C80-4635-AC84-983B8E0FECF3}
		{91C01688-CEB5-4CF3-B13D-6EF86D630523} = {91C01688-CEB5-4CF3-B13D-6EF86D630523}
		{57138F88-A81F-4FFB-8BDD-58DB1A1473F5} = {57138F88-A81F-4FFB-8BDD-58DB1A1473F5}
		{CC93828F-7156-4021-9C77-9951FC187E83} = {CC93828F-7156-4021-9C77-9951FC187E83}
		{7B2595ED-CCB8-4D19-87F2-9A52C7F26EF8} = {7B2595ED-CCB8-4D19-87F2-9A52C7F26EF8}
		{417CB8F4-5AE3-45AC-B903-83DB1556303C} = {417CB8F4-5AE3-45AC-B903-83DB1556303C}
	EndProjectSection
EndProject
Project("{8BC9CEB8-8B4A-11D0-8D11-00A0C91BC942}") = "common", "common.vcproj", "{57138F88-A81F-4FFB-8BDD-58DB1A1473F5}"
	ProjectSection(ProjectDependencies) = postProject
		{6DD493F8-31E1-4958-A240-D157AFFCB07E} = {6DD493F8-31E1-4958-A240-D157AFFCB07E}
	EndProjectSection
EndProject
Project("{8BC9CEB8-8B4A-11D0-8D11-00A0C91BC942}") = "date", "date.vcproj", "{93772A78-3C80-4635-AC84-983B8E0FECF3}"
	ProjectSection(ProjectDependencies) = postProject
	EndProjectSection
EndProject
Project("{8BC9CEB8-8B4A-11D0-8D11-00A0C91BC942}") = "net", "net.vcproj", "{7B2595ED-CCB8-4D19-87F2-9A52C7F26EF8}"
	ProjectSection(ProjectDependencies) = postProject
	EndProjectSection
EndProject
Project("{8BC9CEB8-8B4A-11D0-8D11-00A0C91BC942}") = "obstacle", "obstacle.vcproj", "{91C01688-CEB5-4CF3-B13D-6EF86D630523}"
	ProjectSection(ProjectDependencies) = postProject
	EndProjectSection
EndProject
Project("{8BC9CEB8-8B4A-11D0-8D11-00A0C91BC942}") = "zlib", "zlib.vcproj", "{CC93828F-7156-4021-9C77-9951FC187E83}"
	ProjectSection(ProjectDependencies) = postProject
	EndProjectSection
EndProject
Project("{8BC9CEB8-8B4A-11D0-8D11-00A0C91BC942}") = "game", "game.vcproj", "{B2B95537-A4CE-4510-96A6-00F7B7303922}"
	ProjectSection(ProjectDependencies) = postProject
	EndProjectSection
EndProject
Project("{8BC9CEB8-8B4A-11D0-8D11-00A0C91BC942}") = "regex", "regex.vcproj", "{6DD493F8-31E1-4958-A240-D157AFFCB07E}"
	ProjectSection(ProjectDependencies) = postProject
	EndProjectSection
EndProject
Project("{8BC9CEB8-8B4A-11D0-8D11-00A0C91BC942}") = "ares", "ares.vcproj", "{417CB8F4-5AE3-45AC-B903-83DB1556303C}"
	ProjectSection(ProjectDependencies) = postProject
	EndProjectSection
EndProject
Global
	GlobalSection(SolutionConfiguration) = preSolution
		Debug = Debug
		Release = Release
		release_modern = release_modern
		release_modern_p3 = release_modern_p3
	EndGlobalSection
	GlobalSection(ProjectConfiguration) = postSolution
		{7FA170AC-5A33-41FC-9B3D-02F9E5173B0E}.Debug.ActiveCfg = Debug|Win32
		{7FA170AC-5A33-41FC-9B3D-02F9E5173B0E}.Debug.Build.0 = Debug|Win32
		{7FA170AC-5A33-41FC-9B3D-02F9E5173B0E}.Release.ActiveCfg = Release|Win32
		{7FA170AC-5A33-41FC-9B3D-02F9E5173B0E}.Release.Build.0 = Release|Win32
		{7FA170AC-5A33-41FC-9B3D-02F9E5173B0E}.release_modern.ActiveCfg = release_modern|Win32
		{7FA170AC-5A33-41FC-9B3D-02F9E5173B0E}.release_modern.Build.0 = release_modern|Win32
		{7FA170AC-5A33-41FC-9B3D-02F9E5173B0E}.release_modern_p3.ActiveCfg = release_modern_p3|Win32
		{7FA170AC-5A33-41FC-9B3D-02F9E5173B0E}.release_modern_p3.Build.0 = release_modern_p3|Win32
		{57138F88-A81F-4FFB-8BDD-58DB1A1473F5}.Debug.ActiveCfg = Debug|Win32
		{57138F88-A81F-4FFB-8BDD-58DB1A1473F5}.Debug.Build.0 = Debug|Win32
		{57138F88-A81F-4FFB-8BDD-58DB1A1473F5}.Release.ActiveCfg = Release|Win32
		{57138F88-A81F-4FFB-8BDD-58DB1A1473F5}.Release.Build.0 = Release|Win32
		{57138F88-A81F-4FFB-8BDD-58DB1A1473F5}.release_modern.ActiveCfg = release_modern|Win32
		{57138F88-A81F-4FFB-8BDD-58DB1A1473F5}.release_modern.Build.0 = release_modern|Win32
		{57138F88-A81F-4FFB-8BDD-58DB1A1473F5}.release_modern_p3.ActiveCfg = release_modern_p3|Win32
		{57138F88-A81F-4FFB-8BDD-58DB1A1473F5}.release_modern_p3.Build.0 = release_modern_p3|Win32
		{93772A78-3C80-4635-AC84-983B8E0FECF3}.Debug.ActiveCfg = Debug|Win32
		{93772A78-3C80-4635-AC84-983B8E0FECF3}.Debug.Build.0 = Debug|Win32
		{93772A78-3C80-4635-AC84-983B8E0FECF3}.Release.ActiveCfg = Release|Win32
		{93772A78-3C80-4635-AC84-983B8E0FECF3}.Release.Build.0 = Release|Win32
		{93772A78-3C80-4635-AC84-983B8E0FECF3}.release_modern.ActiveCfg = release_modern|Win32
		{93772A78-3C80-4635-AC84-983B8E0FECF3}.release_modern.Build.0 = release_modern|Win32
		{93772A78-3C80-4635-AC84-983B8E0FECF3}.release_modern_p3.ActiveCfg = release_modern_p3|Win32
		{93772A78-3C80-4635-AC84-983B8E0FECF3}.release_modern_p3.Build.0 = release_modern_p3|Win32
		{7B2595ED-CCB8-4D19-87F2-9A52C7F26EF8}.Debug.ActiveCfg = Debug|Win32
		{7B2595ED-CCB8-4D19-87F2-9A52C7F26EF8}.Debug.Build.0 = Debug|Win32
		{7B2595ED-CCB8-4D19-87F2-9A52C7F26EF8}.Release.ActiveCfg = Release|Win32
		{7B2595ED-CCB8-4D19-87F2-9A52C7F26EF8}.Release.Build.0 = Release|Win32
		{7B2595ED-CCB8-4D19-87F2-9A52C7F26EF8}.release_modern.ActiveCfg = release_modern|Win32
		{7B2595ED-CCB8-4D19-87F2-9A52C7F26EF8}.release_modern.Build.0 = release_modern|Win32
		{7B2595ED-CCB8-4D19-87F2-9A52C7F26EF8}.release_modern_p3.ActiveCfg = release_modern_p3|Win32
		{7B2595ED-CCB8-4D19-87F2-9A52C7F26EF8}.release_modern_p3.Build.0 = release_modern_p3|Win32
		{91C01688-CEB5-4CF3-B13D-6EF86D630523}.Debug.ActiveCfg = Debug|Win32
		{91C01688-CEB5-4CF3-B13D-6EF86D630523}.Debug.Build.0 = Debug|Win32
		{91C01688-CEB5-4CF3-B13D-6EF86D630523}.Release.ActiveCfg = Release|Win32
		{91C01688-CEB5-4CF3-B13D-6EF86D630523}.Release.Build.0 = Release|Win32
		{91C01688-CEB5-4CF3-B13D-6EF86D630523}.release_modern.ActiveCfg = release_modern|Win32
		{91C01688-CEB5-4CF3-B13D-6EF86D630523}.release_modern.Build.0 = release_modern|Win32
		{91C01688-CEB5-4CF3-B13D-6EF86D630523}.release_modern_p3.ActiveCfg = release_modern_p3|Win32
		{91C01688-CEB5-4CF3-B13D-6EF86D630523}.release_modern_p3.Build.0 = release_modern_p3|Win32
		{CC93828F-7156-4021-9C77-9951FC187E83}.Debug.ActiveCfg = Debug|Win32
		{CC93828F-7156-4021-9C77-9951FC187E83}.Debug.Build.0 = Debug|Win32
		{CC93828F-7156-4021-9C77-9951FC187E83}.Release.ActiveCfg = Release|Win32
		{CC93828F-7156-4021-9C77-9951FC187E83}.Release.Build.0 = Release|Win32
		{CC93828F-7156-4021-9C77-9951FC187E83}.release_modern.ActiveCfg = release_modern|Win32
		{CC93828F-7156-4021-9C77-9951FC187E83}.release_modern.Build.0 = release_modern|Win32
		{CC93828F-7156-4021-9C77-9951FC187E83}.release_modern_p3.ActiveCfg = release_modern_p3|Win32
		{CC93828F-7156-4021-9C77-9951FC187E83}.release_modern_p3.Build.0 = release_modern_p3|Win32
		{B2B95537-A4CE-4510-96A6-00F7B7303922}.Debug.ActiveCfg = Debug|Win32
		{B2B95537-A4CE-4510-96A6-00F7B7303922}.Debug.Build.0 = Debug|Win32
		{B2B95537-A4CE-4510-96A6-00F7B7303922}.Release.ActiveCfg = Release|Win32
		{B2B95537-A4CE-4510-96A6-00F7B7303922}.Release.Build.0 = Release|Win32
		{B2B95537-A4CE-4510-96A6-00F7B7303922}.release_modern.ActiveCfg = release_modern|Win32
		{B2B95537-A4CE-4510-96A6-00F7B7303922}.release_modern.Build.0 = release_modern|Win32
		{B2B95537-A4CE-4510-96A6-00F7B7303922}.release_modern_p3.ActiveCfg = release_modern_p3|Win32
		{B2B95537-A4CE-4510-96A6-00F7B7303922}.release_modern_p3.Build.0 = release_modern_p3|Win32
		{6DD493F8-31E1-4958-A240-D157AFFCB07E}.Debug.ActiveCfg = Debug|Win32
		{6DD493F8-31E1-4958-A240-D157AFFCB07E}.Debug.Build.0 = Debug|Win32
		{6DD493F8-31E1-4958-A240-D157AFFCB07E}.Release.ActiveCfg = Release|Win32
		{6DD493F8-31E1-4958-A240-D157AFFCB07E}.Release.Build.0 = Release|Win32
		{6DD493F8-31E1-4958-A240-D157AFFCB07E}.release_modern.ActiveCfg = release_modern|Win32
		{6DD493F8-31E1-4958-A240-D157AFFCB07E}.release_modern.Build.0 = release_modern|Win32
		{6DD493F8-31E1-4958-A240-D157AFFCB07E}.release_modern_p3.ActiveCfg = release_modern_p3|Win32
		{6DD493F8-31E1-4958-A240-D157AFFCB07E}.release_modern_p3.Build.0 = release_modern_p3|Win32
		{417CB8F4-5AE3-45AC-B903-83DB1556303C}.Debug.ActiveCfg = Debug|Win32
		{417CB8F4-5AE3-45AC-B903-83DB1556303C}.Debug.Build.0 = Debug|Win32
		{417CB8F4-5AE3-45AC-B903-83DB1556303C}.Release.ActiveCfg = Release|Win32
		{417CB8F4-5AE3-45AC-B903-83DB1556303C}.Release.Build.0 = Release|Win32
		{417CB8F4-5AE3-45AC-B903-83DB1556303C}.release_modern.ActiveCfg = release_modern|Win32
		{417CB8F4-5AE3-45AC-B903-83DB1556303C}.release_modern.Build.0 = release_modern|Win32
		{417CB8F4-5AE3-45AC-B903-83DB1556303C}.release_modern_p3.ActiveCfg = release_modern_p3|Win32
		{417CB8F4-5AE3-45AC-B903-83DB1556303C}.release_modern_p3.Build.0 = release_modern_p3|Win32
	EndGlobalSection
	GlobalSection(ExtensibilityGlobals) = postSolution
	EndGlobalSection
	GlobalSection(ExtensibilityAddIns) = postSolution
	EndGlobalSection
EndGlobal
