Microsoft Visual Studio Solution File, Format Version 8.00
Project("{8BC9CEB8-8B4A-11D0-8D11-00A0C91BC942}") = "bzrobots", "bzrobots.vcproj", "{DDC1C8B4-A354-45DF-BD6E-1ABA9E0D833F}"
	ProjectSection(ProjectDependencies) = postProject
	EndProjectSection
EndProject
Project("{8BC9CEB8-8B4A-11D0-8D11-00A0C91BC942}") = "common", "common.vcproj", "{E9F48961-0AF0-4878-A3A1-8404898841EA}"
	ProjectSection(ProjectDependencies) = postProject
	EndProjectSection
EndProject
Project("{8BC9CEB8-8B4A-11D0-8D11-00A0C91BC942}") = "game", "game.vcproj", "{B2B95537-A4CE-4510-96A6-00F7B7303922}"
	ProjectSection(ProjectDependencies) = postProject
	EndProjectSection
EndProject
Project("{8BC9CEB8-8B4A-11D0-8D11-00A0C91BC942}") = "date", "date.vcproj", "{CBCE168B-EDDC-4258-B994-45526CEA7AA1}"
	ProjectSection(ProjectDependencies) = postProject
	EndProjectSection
EndProject
Project("{8BC9CEB8-8B4A-11D0-8D11-00A0C91BC942}") = "obstacle", "obstacle.vcproj", "{B88D1CC1-8E01-4D34-B5D0-1D856B1689E6}"
	ProjectSection(ProjectDependencies) = postProject
	EndProjectSection
EndProject
Project("{8BC9CEB8-8B4A-11D0-8D11-00A0C91BC942}") = "net", "net.vcproj", "{89AEBA34-EAAE-4E65-86E9-156C55F7C9D8}"
	ProjectSection(ProjectDependencies) = postProject
	EndProjectSection
EndProject
Global
	GlobalSection(SolutionConfiguration) = preSolution
		Debug = Debug
		Release = Release
		release_modern = release_modern
		release_modern_p3 = release_modern_p3
	EndGlobalSection
	GlobalSection(ProjectDependencies) = postSolution
	EndGlobalSection
	GlobalSection(ProjectConfiguration) = postSolution
		{DDC1C8B4-A354-45DF-BD6E-1ABA9E0D833F}.Debug.ActiveCfg = Debug|Win32
		{DDC1C8B4-A354-45DF-BD6E-1ABA9E0D833F}.Debug.Build.0 = Debug|Win32
		{DDC1C8B4-A354-45DF-BD6E-1ABA9E0D833F}.Release.ActiveCfg = Release|Win32
		{DDC1C8B4-A354-45DF-BD6E-1ABA9E0D833F}.Release.Build.0 = Release|Win32
		{DDC1C8B4-A354-45DF-BD6E-1ABA9E0D833F}.release_modern.ActiveCfg = Release|Win32
		{DDC1C8B4-A354-45DF-BD6E-1ABA9E0D833F}.release_modern.Build.0 = Release|Win32
		{DDC1C8B4-A354-45DF-BD6E-1ABA9E0D833F}.release_modern_p3.ActiveCfg = Release|Win32
		{DDC1C8B4-A354-45DF-BD6E-1ABA9E0D833F}.release_modern_p3.Build.0 = Release|Win32
		{E9F48961-0AF0-4878-A3A1-8404898841EA}.Debug.ActiveCfg = Debug|Win32
		{E9F48961-0AF0-4878-A3A1-8404898841EA}.Debug.Build.0 = Debug|Win32
		{E9F48961-0AF0-4878-A3A1-8404898841EA}.Release.ActiveCfg = Release|Win32
		{E9F48961-0AF0-4878-A3A1-8404898841EA}.Release.Build.0 = Release|Win32
		{E9F48961-0AF0-4878-A3A1-8404898841EA}.release_modern.ActiveCfg = release_modern|Win32
		{E9F48961-0AF0-4878-A3A1-8404898841EA}.release_modern.Build.0 = release_modern|Win32
		{E9F48961-0AF0-4878-A3A1-8404898841EA}.release_modern_p3.ActiveCfg = release_modern_p3|Win32
		{E9F48961-0AF0-4878-A3A1-8404898841EA}.release_modern_p3.Build.0 = release_modern_p3|Win32
		{B2B95537-A4CE-4510-96A6-00F7B7303922}.Debug.ActiveCfg = Debug|Win32
		{B2B95537-A4CE-4510-96A6-00F7B7303922}.Debug.Build.0 = Debug|Win32
		{B2B95537-A4CE-4510-96A6-00F7B7303922}.Release.ActiveCfg = Release|Win32
		{B2B95537-A4CE-4510-96A6-00F7B7303922}.Release.Build.0 = Release|Win32
		{B2B95537-A4CE-4510-96A6-00F7B7303922}.release_modern.ActiveCfg = release_modern|Win32
		{B2B95537-A4CE-4510-96A6-00F7B7303922}.release_modern.Build.0 = release_modern|Win32
		{B2B95537-A4CE-4510-96A6-00F7B7303922}.release_modern_p3.ActiveCfg = release_modern_p3|Win32
		{B2B95537-A4CE-4510-96A6-00F7B7303922}.release_modern_p3.Build.0 = release_modern_p3|Win32
		{CBCE168B-EDDC-4258-B994-45526CEA7AA1}.Debug.ActiveCfg = Debug|Win32
		{CBCE168B-EDDC-4258-B994-45526CEA7AA1}.Debug.Build.0 = Debug|Win32
		{CBCE168B-EDDC-4258-B994-45526CEA7AA1}.Release.ActiveCfg = Release|Win32
		{CBCE168B-EDDC-4258-B994-45526CEA7AA1}.Release.Build.0 = Release|Win32
		{CBCE168B-EDDC-4258-B994-45526CEA7AA1}.release_modern.ActiveCfg = release_modern|Win32
		{CBCE168B-EDDC-4258-B994-45526CEA7AA1}.release_modern.Build.0 = release_modern|Win32
		{CBCE168B-EDDC-4258-B994-45526CEA7AA1}.release_modern_p3.ActiveCfg = release_modern_p3|Win32
		{CBCE168B-EDDC-4258-B994-45526CEA7AA1}.release_modern_p3.Build.0 = release_modern_p3|Win32
		{B88D1CC1-8E01-4D34-B5D0-1D856B1689E6}.Debug.ActiveCfg = Debug|Win32
		{B88D1CC1-8E01-4D34-B5D0-1D856B1689E6}.Debug.Build.0 = Debug|Win32
		{B88D1CC1-8E01-4D34-B5D0-1D856B1689E6}.Release.ActiveCfg = Release|Win32
		{B88D1CC1-8E01-4D34-B5D0-1D856B1689E6}.Release.Build.0 = Release|Win32
		{B88D1CC1-8E01-4D34-B5D0-1D856B1689E6}.release_modern.ActiveCfg = release_modern|Win32
		{B88D1CC1-8E01-4D34-B5D0-1D856B1689E6}.release_modern.Build.0 = release_modern|Win32
		{B88D1CC1-8E01-4D34-B5D0-1D856B1689E6}.release_modern_p3.ActiveCfg = release_modern_p3|Win32
		{B88D1CC1-8E01-4D34-B5D0-1D856B1689E6}.release_modern_p3.Build.0 = release_modern_p3|Win32
		{89AEBA34-EAAE-4E65-86E9-156C55F7C9D8}.Debug.ActiveCfg = Debug|Win32
		{89AEBA34-EAAE-4E65-86E9-156C55F7C9D8}.Debug.Build.0 = Debug|Win32
		{89AEBA34-EAAE-4E65-86E9-156C55F7C9D8}.Release.ActiveCfg = Release|Win32
		{89AEBA34-EAAE-4E65-86E9-156C55F7C9D8}.Release.Build.0 = Release|Win32
		{89AEBA34-EAAE-4E65-86E9-156C55F7C9D8}.release_modern.ActiveCfg = release_modern|Win32
		{89AEBA34-EAAE-4E65-86E9-156C55F7C9D8}.release_modern.Build.0 = release_modern|Win32
		{89AEBA34-EAAE-4E65-86E9-156C55F7C9D8}.release_modern_p3.ActiveCfg = release_modern_p3|Win32
		{89AEBA34-EAAE-4E65-86E9-156C55F7C9D8}.release_modern_p3.Build.0 = release_modern_p3|Win32
	EndGlobalSection
	GlobalSection(ExtensibilityGlobals) = postSolution
	EndGlobalSection
	GlobalSection(ExtensibilityAddIns) = postSolution
	EndGlobalSection
EndGlobal
