Microsoft Visual Studio Solution File, Format Version 9.00
# Visual Studio 2005
Project("{8BC9CEB8-8B4A-11D0-8D11-00A0C91BC942}") = "hiddenAdmin", "hiddenAdmin.vcproj", "{2EAF7655-AE86-4407-8262-43496581E5B2}"
EndProject
Global
	GlobalSection(SolutionConfigurationPlatforms) = preSolution
		Debug|Win32 = Debug|Win32
		release_modern_p3|Win32 = release_modern_p3|Win32
		release_modern|Win32 = release_modern|Win32
		Release|Win32 = Release|Win32
	EndGlobalSection
	GlobalSection(ProjectConfigurationPlatforms) = postSolution
		{2EAF7655-AE86-4407-8262-43496581E5B2}.Debug|Win32.ActiveCfg = Debug|Win32
		{2EAF7655-AE86-4407-8262-43496581E5B2}.Debug|Win32.Build.0 = Debug|Win32
		{2EAF7655-AE86-4407-8262-43496581E5B2}.release_modern_p3|Win32.ActiveCfg = release_modern_p3|Win32
		{2EAF7655-AE86-4407-8262-43496581E5B2}.release_modern_p3|Win32.Build.0 = release_modern_p3|Win32
		{2EAF7655-AE86-4407-8262-43496581E5B2}.release_modern|Win32.ActiveCfg = release_modern|Win32
		{2EAF7655-AE86-4407-8262-43496581E5B2}.release_modern|Win32.Build.0 = release_modern|Win32
		{2EAF7655-AE86-4407-8262-43496581E5B2}.Release|Win32.ActiveCfg = Release|Win32
		{2EAF7655-AE86-4407-8262-43496581E5B2}.Release|Win32.Build.0 = Release|Win32
	EndGlobalSection
	GlobalSection(SolutionProperties) = preSolution
		HideSolutionNode = FALSE
	EndGlobalSection
EndGlobal
