Microsoft Visual Studio Solution File, Format Version 9.00
# Visual Studio 2005
Project("{8BC9CEB8-8B4A-11D0-8D11-00A0C91BC942}") = "bzadmin", "bzadmin.vcproj", "{CA597E05-FD07-4AE3-B963-81C858F26D56}"
	ProjectSection(ProjectDependencies) = postProject
		{5000550B-DA03-4872-9975-1AA7EE3A40AF} = {5000550B-DA03-4872-9975-1AA7EE3A40AF}
		{B2B95537-A4CE-4510-96A6-00F7B7303922} = {B2B95537-A4CE-4510-96A6-00F7B7303922}
		{93772A78-3C80-4635-AC84-983B8E0FECF3} = {93772A78-3C80-4635-AC84-983B8E0FECF3}
		{57138F88-A81F-4FFB-8BDD-58DB1A1473F5} = {57138F88-A81F-4FFB-8BDD-58DB1A1473F5}
		{7B2595ED-CCB8-4D19-87F2-9A52C7F26EF8} = {7B2595ED-CCB8-4D19-87F2-9A52C7F26EF8}
	EndProjectSection
EndProject
Project("{8BC9CEB8-8B4A-11D0-8D11-00A0C91BC942}") = "bzflag", "bzflag.vcproj", "{5000550B-DA03-4872-9975-1AA7EE3A40AF}"
	ProjectSection(ProjectDependencies) = postProject
		{7009C42E-D693-4635-95CF-23ECBA63653C} = {7009C42E-D693-4635-95CF-23ECBA63653C}
		{1BAED535-4AEF-4041-9CB5-A7DC9C14E105} = {1BAED535-4AEF-4041-9CB5-A7DC9C14E105}
		{B2B95537-A4CE-4510-96A6-00F7B7303922} = {B2B95537-A4CE-4510-96A6-00F7B7303922}
		{EA0EF759-C4CA-45F3-B744-7D26FF1EB287} = {EA0EF759-C4CA-45F3-B744-7D26FF1EB287}
		{83AD1F75-22FD-477B-BB89-352F47286009} = {83AD1F75-22FD-477B-BB89-352F47286009}
		{93772A78-3C80-4635-AC84-983B8E0FECF3} = {93772A78-3C80-4635-AC84-983B8E0FECF3}
		{91C01688-CEB5-4CF3-B13D-6EF86D630523} = {91C01688-CEB5-4CF3-B13D-6EF86D630523}
		{57138F88-A81F-4FFB-8BDD-58DB1A1473F5} = {57138F88-A81F-4FFB-8BDD-58DB1A1473F5}
		{12408598-00B6-487F-8F99-61B1300A15AF} = {12408598-00B6-487F-8F99-61B1300A15AF}
		{E5030DD4-164D-4DB0-A593-FA1C76F1F2D7} = {E5030DD4-164D-4DB0-A593-FA1C76F1F2D7}
		{7B2595ED-CCB8-4D19-87F2-9A52C7F26EF8} = {7B2595ED-CCB8-4D19-87F2-9A52C7F26EF8}
		{417CB8F4-5AE3-45AC-B903-83DB1556303C} = {417CB8F4-5AE3-45AC-B903-83DB1556303C}
	EndProjectSection
EndProject
Project("{8BC9CEB8-8B4A-11D0-8D11-00A0C91BC942}") = "bzfs", "bzfs.vcproj", "{7FA170AC-5A33-41FC-9B3D-02F9E5173B0E}"
	ProjectSection(ProjectDependencies) = postProject
		{B2B95537-A4CE-4510-96A6-00F7B7303922} = {B2B95537-A4CE-4510-96A6-00F7B7303922}
		{93772A78-3C80-4635-AC84-983B8E0FECF3} = {93772A78-3C80-4635-AC84-983B8E0FECF3}
		{91C01688-CEB5-4CF3-B13D-6EF86D630523} = {91C01688-CEB5-4CF3-B13D-6EF86D630523}
		{57138F88-A81F-4FFB-8BDD-58DB1A1473F5} = {57138F88-A81F-4FFB-8BDD-58DB1A1473F5}
		{CC93828F-7156-4021-9C77-9951FC187E83} = {CC93828F-7156-4021-9C77-9951FC187E83}
		{7B2595ED-CCB8-4D19-87F2-9A52C7F26EF8} = {7B2595ED-CCB8-4D19-87F2-9A52C7F26EF8}
		{417CB8F4-5AE3-45AC-B903-83DB1556303C} = {417CB8F4-5AE3-45AC-B903-83DB1556303C}
	EndProjectSection
EndProject
Project("{8BC9CEB8-8B4A-11D0-8D11-00A0C91BC942}") = "common", "common.vcproj", "{57138F88-A81F-4FFB-8BDD-58DB1A1473F5}"
	ProjectSection(ProjectDependencies) = postProject
		{6DD493F8-31E1-4958-A240-D157AFFCB07E} = {6DD493F8-31E1-4958-A240-D157AFFCB07E}
	EndProjectSection
EndProject
Project("{8BC9CEB8-8B4A-11D0-8D11-00A0C91BC942}") = "date", "date.vcproj", "{93772A78-3C80-4635-AC84-983B8E0FECF3}"
EndProject
Project("{8BC9CEB8-8B4A-11D0-8D11-00A0C91BC942}") = "geometry", "geometry.vcproj", "{7009C42E-D693-4635-95CF-23ECBA63653C}"
EndProject
Project("{8BC9CEB8-8B4A-11D0-8D11-00A0C91BC942}") = "installer", "installer.vcproj", "{0169213B-F29C-4244-8280-602EB17F55FB}"
	ProjectSection(ProjectDependencies) = postProject
		{CA597E05-FD07-4AE3-B963-81C858F26D56} = {CA597E05-FD07-4AE3-B963-81C858F26D56}
		{5000550B-DA03-4872-9975-1AA7EE3A40AF} = {5000550B-DA03-4872-9975-1AA7EE3A40AF}
		{91198429-3669-4C40-A294-B8593D7C4987} = {91198429-3669-4C40-A294-B8593D7C4987}
		{7FA170AC-5A33-41FC-9B3D-02F9E5173B0E} = {7FA170AC-5A33-41FC-9B3D-02F9E5173B0E}
	EndProjectSection
EndProject
Project("{8BC9CEB8-8B4A-11D0-8D11-00A0C91BC942}") = "makehtml", "makehtml.vcproj", "{91198429-3669-4C40-A294-B8593D7C4987}"
	ProjectSection(ProjectDependencies) = postProject
		{23DC26A8-35C0-4775-A2D6-E2092DAB9BFA} = {23DC26A8-35C0-4775-A2D6-E2092DAB9BFA}
	EndProjectSection
EndProject
Project("{8BC9CEB8-8B4A-11D0-8D11-00A0C91BC942}") = "man2html", "man2html.vcproj", "{23DC26A8-35C0-4775-A2D6-E2092DAB9BFA}"
EndProject
Project("{8BC9CEB8-8B4A-11D0-8D11-00A0C91BC942}") = "mediafile", "mediafile.vcproj", "{83AD1F75-22FD-477B-BB89-352F47286009}"
	ProjectSection(ProjectDependencies) = postProject
		{57138F88-A81F-4FFB-8BDD-58DB1A1473F5} = {57138F88-A81F-4FFB-8BDD-58DB1A1473F5}
		{CC93828F-7156-4021-9C77-9951FC187E83} = {CC93828F-7156-4021-9C77-9951FC187E83}
	EndProjectSection
EndProject
Project("{8BC9CEB8-8B4A-11D0-8D11-00A0C91BC942}") = "net", "net.vcproj", "{7B2595ED-CCB8-4D19-87F2-9A52C7F26EF8}"
EndProject
Project("{8BC9CEB8-8B4A-11D0-8D11-00A0C91BC942}") = "obstacle", "obstacle.vcproj", "{91C01688-CEB5-4CF3-B13D-6EF86D630523}"
EndProject
Project("{8BC9CEB8-8B4A-11D0-8D11-00A0C91BC942}") = "ogl", "ogl.vcproj", "{E5030DD4-164D-4DB0-A593-FA1C76F1F2D7}"
EndProject
Project("{8BC9CEB8-8B4A-11D0-8D11-00A0C91BC942}") = "platform", "platform.vcproj", "{12408598-00B6-487F-8F99-61B1300A15AF}"
EndProject
Project("{8BC9CEB8-8B4A-11D0-8D11-00A0C91BC942}") = "scene", "scene.vcproj", "{1BAED535-4AEF-4041-9CB5-A7DC9C14E105}"
EndProject
Project("{8BC9CEB8-8B4A-11D0-8D11-00A0C91BC942}") = "zlib", "zlib.vcproj", "{CC93828F-7156-4021-9C77-9951FC187E83}"
EndProject
Project("{8BC9CEB8-8B4A-11D0-8D11-00A0C91BC942}") = "3D", "3D.vcproj", "{EA0EF759-C4CA-45F3-B744-7D26FF1EB287}"
EndProject
Project("{8BC9CEB8-8B4A-11D0-8D11-00A0C91BC942}") = "game", "game.vcproj", "{B2B95537-A4CE-4510-96A6-00F7B7303922}"
EndProject
Project("{8BC9CEB8-8B4A-11D0-8D11-00A0C91BC942}") = "regex", "regex.vcproj", "{6DD493F8-31E1-4958-A240-D157AFFCB07E}"
EndProject
Project("{8BC9CEB8-8B4A-11D0-8D11-00A0C91BC942}") = "ares", "ares.vcproj", "{417CB8F4-5AE3-45AC-B903-83DB1556303C}"
EndProject
Global
	GlobalSection(SolutionConfigurationPlatforms) = preSolution
		Debug_pdcurses|Win32 = Debug_pdcurses|Win32
		Debug_pdcurses|x64 = Debug_pdcurses|x64
		Debug|Win32 = Debug|Win32
		Debug|x64 = Debug|x64
		Release_pdcurses|Win32 = Release_pdcurses|Win32
		Release_pdcurses|x64 = Release_pdcurses|x64
		Release|Win32 = Release|Win32
		Release|x64 = Release|x64
	EndGlobalSection
	GlobalSection(ProjectConfigurationPlatforms) = postSolution
		{CA597E05-FD07-4AE3-B963-81C858F26D56}.Debug_pdcurses|Win32.ActiveCfg = Debug_pdcurses|Win32
		{CA597E05-FD07-4AE3-B963-81C858F26D56}.Debug_pdcurses|Win32.Build.0 = Debug_pdcurses|Win32
		{CA597E05-FD07-4AE3-B963-81C858F26D56}.Debug_pdcurses|x64.ActiveCfg = KRB5 Debug|x64
		{CA597E05-FD07-4AE3-B963-81C858F26D56}.Debug_pdcurses|x64.Build.0 = Debug_pdcurses|x64
		{CA597E05-FD07-4AE3-B963-81C858F26D56}.Debug_pdcurses|x64.Build.2 = release_modern|x64
		{CA597E05-FD07-4AE3-B963-81C858F26D56}.Debug_pdcurses|x64.Build.4 = KRB5 Debug|x64
		{CA597E05-FD07-4AE3-B963-81C858F26D56}.Debug|Win32.ActiveCfg = Debug|Win32
		{CA597E05-FD07-4AE3-B963-81C858F26D56}.Debug|Win32.Build.0 = Debug|Win32
		{CA597E05-FD07-4AE3-B963-81C858F26D56}.Debug|x64.ActiveCfg = Debug|x64
		{CA597E05-FD07-4AE3-B963-81C858F26D56}.Debug|x64.Build.0 = Debug|x64
		{CA597E05-FD07-4AE3-B963-81C858F26D56}.Release_pdcurses|Win32.ActiveCfg = Release_pdcurses|Win32
		{CA597E05-FD07-4AE3-B963-81C858F26D56}.Release_pdcurses|Win32.Build.0 = Release_pdcurses|Win32
		{CA597E05-FD07-4AE3-B963-81C858F26D56}.Release_pdcurses|x64.ActiveCfg = Release_pdcurses|x64
		{CA597E05-FD07-4AE3-B963-81C858F26D56}.Release_pdcurses|x64.Build.0 = Release_pdcurses|x64
		{CA597E05-FD07-4AE3-B963-81C858F26D56}.Release|Win32.ActiveCfg = Release|Win32
		{CA597E05-FD07-4AE3-B963-81C858F26D56}.Release|Win32.Build.0 = Release|Win32
		{CA597E05-FD07-4AE3-B963-81C858F26D56}.Release|x64.ActiveCfg = Release|x64
		{CA597E05-FD07-4AE3-B963-81C858F26D56}.Release|x64.Build.0 = Release|x64
		{5000550B-DA03-4872-9975-1AA7EE3A40AF}.Debug_pdcurses|Win32.ActiveCfg = Debug_pdcurses|Win32
		{5000550B-DA03-4872-9975-1AA7EE3A40AF}.Debug_pdcurses|Win32.Build.0 = Debug_pdcurses|Win32
		{5000550B-DA03-4872-9975-1AA7EE3A40AF}.Debug_pdcurses|x64.ActiveCfg = KRB5 Debug|x64
		{5000550B-DA03-4872-9975-1AA7EE3A40AF}.Debug_pdcurses|x64.Build.0 = Debug_pdcurses|x64
		{5000550B-DA03-4872-9975-1AA7EE3A40AF}.Debug_pdcurses|x64.Build.2 = release_modern|x64
		{5000550B-DA03-4872-9975-1AA7EE3A40AF}.Debug_pdcurses|x64.Build.4 = KRB5 Debug|x64
		{5000550B-DA03-4872-9975-1AA7EE3A40AF}.Debug|Win32.ActiveCfg = Debug|Win32
		{5000550B-DA03-4872-9975-1AA7EE3A40AF}.Debug|Win32.Build.0 = Debug|Win32
		{5000550B-DA03-4872-9975-1AA7EE3A40AF}.Debug|x64.ActiveCfg = Debug|x64
		{5000550B-DA03-4872-9975-1AA7EE3A40AF}.Debug|x64.Build.0 = Debug|x64
		{5000550B-DA03-4872-9975-1AA7EE3A40AF}.Release_pdcurses|Win32.ActiveCfg = Release_pdcurses|Win32
		{5000550B-DA03-4872-9975-1AA7EE3A40AF}.Release_pdcurses|Win32.Build.0 = Release_pdcurses|Win32
		{5000550B-DA03-4872-9975-1AA7EE3A40AF}.Release_pdcurses|x64.ActiveCfg = Release_pdcurses|x64
		{5000550B-DA03-4872-9975-1AA7EE3A40AF}.Release_pdcurses|x64.Build.0 = Release_pdcurses|x64
		{5000550B-DA03-4872-9975-1AA7EE3A40AF}.Release|Win32.ActiveCfg = Release|Win32
		{5000550B-DA03-4872-9975-1AA7EE3A40AF}.Release|Win32.Build.0 = Release|Win32
		{5000550B-DA03-4872-9975-1AA7EE3A40AF}.Release|x64.ActiveCfg = Release|x64
		{5000550B-DA03-4872-9975-1AA7EE3A40AF}.Release|x64.Build.0 = Release|x64
		{7FA170AC-5A33-41FC-9B3D-02F9E5173B0E}.Debug_pdcurses|Win32.ActiveCfg = Debug_pdcurses|Win32
		{7FA170AC-5A33-41FC-9B3D-02F9E5173B0E}.Debug_pdcurses|Win32.Build.0 = Debug_pdcurses|Win32
		{7FA170AC-5A33-41FC-9B3D-02F9E5173B0E}.Debug_pdcurses|x64.ActiveCfg = KRB5 Debug|x64
		{7FA170AC-5A33-41FC-9B3D-02F9E5173B0E}.Debug_pdcurses|x64.Build.0 = Debug_pdcurses|x64
		{7FA170AC-5A33-41FC-9B3D-02F9E5173B0E}.Debug_pdcurses|x64.Build.2 = release_modern|x64
		{7FA170AC-5A33-41FC-9B3D-02F9E5173B0E}.Debug_pdcurses|x64.Build.4 = KRB5 Debug|x64
		{7FA170AC-5A33-41FC-9B3D-02F9E5173B0E}.Debug|Win32.ActiveCfg = Debug|Win32
		{7FA170AC-5A33-41FC-9B3D-02F9E5173B0E}.Debug|Win32.Build.0 = Debug|Win32
		{7FA170AC-5A33-41FC-9B3D-02F9E5173B0E}.Debug|x64.ActiveCfg = Debug|x64
		{7FA170AC-5A33-41FC-9B3D-02F9E5173B0E}.Debug|x64.Build.0 = Debug|x64
		{7FA170AC-5A33-41FC-9B3D-02F9E5173B0E}.Release_pdcurses|Win32.ActiveCfg = Release_pdcurses|Win32
		{7FA170AC-5A33-41FC-9B3D-02F9E5173B0E}.Release_pdcurses|Win32.Build.0 = Release_pdcurses|Win32
		{7FA170AC-5A33-41FC-9B3D-02F9E5173B0E}.Release_pdcurses|x64.ActiveCfg = Release_pdcurses|x64
		{7FA170AC-5A33-41FC-9B3D-02F9E5173B0E}.Release_pdcurses|x64.Build.0 = Release_pdcurses|x64
		{7FA170AC-5A33-41FC-9B3D-02F9E5173B0E}.Release|Win32.ActiveCfg = Release|Win32
		{7FA170AC-5A33-41FC-9B3D-02F9E5173B0E}.Release|Win32.Build.0 = Release|Win32
		{7FA170AC-5A33-41FC-9B3D-02F9E5173B0E}.Release|x64.ActiveCfg = Release|x64
		{7FA170AC-5A33-41FC-9B3D-02F9E5173B0E}.Release|x64.Build.0 = Release|x64
		{57138F88-A81F-4FFB-8BDD-58DB1A1473F5}.Debug_pdcurses|Win32.ActiveCfg = Debug_pdcurses|Win32
		{57138F88-A81F-4FFB-8BDD-58DB1A1473F5}.Debug_pdcurses|Win32.Build.0 = Debug_pdcurses|Win32
		{57138F88-A81F-4FFB-8BDD-58DB1A1473F5}.Debug_pdcurses|x64.ActiveCfg = KRB5 Debug|x64
		{57138F88-A81F-4FFB-8BDD-58DB1A1473F5}.Debug_pdcurses|x64.Build.0 = Debug_pdcurses|x64
		{57138F88-A81F-4FFB-8BDD-58DB1A1473F5}.Debug_pdcurses|x64.Build.2 = release_modern|x64
		{57138F88-A81F-4FFB-8BDD-58DB1A1473F5}.Debug_pdcurses|x64.Build.4 = KRB5 Debug|x64
		{57138F88-A81F-4FFB-8BDD-58DB1A1473F5}.Debug|Win32.ActiveCfg = Debug|Win32
		{57138F88-A81F-4FFB-8BDD-58DB1A1473F5}.Debug|Win32.Build.0 = Debug|Win32
		{57138F88-A81F-4FFB-8BDD-58DB1A1473F5}.Debug|x64.ActiveCfg = Debug|x64
		{57138F88-A81F-4FFB-8BDD-58DB1A1473F5}.Debug|x64.Build.0 = Debug|x64
		{57138F88-A81F-4FFB-8BDD-58DB1A1473F5}.Release_pdcurses|Win32.ActiveCfg = Release_pdcurses|Win32
		{57138F88-A81F-4FFB-8BDD-58DB1A1473F5}.Release_pdcurses|Win32.Build.0 = Release_pdcurses|Win32
		{57138F88-A81F-4FFB-8BDD-58DB1A1473F5}.Release_pdcurses|x64.ActiveCfg = Release_pdcurses|x64
		{57138F88-A81F-4FFB-8BDD-58DB1A1473F5}.Release_pdcurses|x64.Build.0 = Release_pdcurses|x64
		{57138F88-A81F-4FFB-8BDD-58DB1A1473F5}.Release|Win32.ActiveCfg = Release|Win32
		{57138F88-A81F-4FFB-8BDD-58DB1A1473F5}.Release|Win32.Build.0 = Release|Win32
		{57138F88-A81F-4FFB-8BDD-58DB1A1473F5}.Release|x64.ActiveCfg = Release|x64
		{57138F88-A81F-4FFB-8BDD-58DB1A1473F5}.Release|x64.Build.0 = Release|x64
		{93772A78-3C80-4635-AC84-983B8E0FECF3}.Debug_pdcurses|Win32.ActiveCfg = Debug_pdcurses|Win32
		{93772A78-3C80-4635-AC84-983B8E0FECF3}.Debug_pdcurses|Win32.Build.0 = Debug_pdcurses|Win32
		{93772A78-3C80-4635-AC84-983B8E0FECF3}.Debug_pdcurses|x64.ActiveCfg = KRB5 Debug|x64
		{93772A78-3C80-4635-AC84-983B8E0FECF3}.Debug_pdcurses|x64.Build.0 = Debug_pdcurses|x64
		{93772A78-3C80-4635-AC84-983B8E0FECF3}.Debug_pdcurses|x64.Build.2 = release_modern|x64
		{93772A78-3C80-4635-AC84-983B8E0FECF3}.Debug_pdcurses|x64.Build.4 = KRB5 Debug|x64
		{93772A78-3C80-4635-AC84-983B8E0FECF3}.Debug|Win32.ActiveCfg = Debug|Win32
		{93772A78-3C80-4635-AC84-983B8E0FECF3}.Debug|Win32.Build.0 = Debug|Win32
		{93772A78-3C80-4635-AC84-983B8E0FECF3}.Debug|x64.ActiveCfg = Debug|x64
		{93772A78-3C80-4635-AC84-983B8E0FECF3}.Debug|x64.Build.0 = Debug|x64
		{93772A78-3C80-4635-AC84-983B8E0FECF3}.Release_pdcurses|Win32.ActiveCfg = Release_pdcurses|Win32
		{93772A78-3C80-4635-AC84-983B8E0FECF3}.Release_pdcurses|Win32.Build.0 = Release_pdcurses|Win32
		{93772A78-3C80-4635-AC84-983B8E0FECF3}.Release_pdcurses|x64.ActiveCfg = Release_pdcurses|x64
		{93772A78-3C80-4635-AC84-983B8E0FECF3}.Release_pdcurses|x64.Build.0 = Release_pdcurses|x64
		{93772A78-3C80-4635-AC84-983B8E0FECF3}.Release|Win32.ActiveCfg = Release|Win32
		{93772A78-3C80-4635-AC84-983B8E0FECF3}.Release|Win32.Build.0 = Release|Win32
		{93772A78-3C80-4635-AC84-983B8E0FECF3}.Release|x64.ActiveCfg = Release|x64
		{93772A78-3C80-4635-AC84-983B8E0FECF3}.Release|x64.Build.0 = Release|x64
		{7009C42E-D693-4635-95CF-23ECBA63653C}.Debug_pdcurses|Win32.ActiveCfg = Debug_pdcurses|Win32
		{7009C42E-D693-4635-95CF-23ECBA63653C}.Debug_pdcurses|Win32.Build.0 = Debug_pdcurses|Win32
		{7009C42E-D693-4635-95CF-23ECBA63653C}.Debug_pdcurses|x64.ActiveCfg = KRB5 Debug|x64
		{7009C42E-D693-4635-95CF-23ECBA63653C}.Debug_pdcurses|x64.Build.0 = Debug_pdcurses|x64
		{7009C42E-D693-4635-95CF-23ECBA63653C}.Debug_pdcurses|x64.Build.2 = release_modern|x64
		{7009C42E-D693-4635-95CF-23ECBA63653C}.Debug_pdcurses|x64.Build.4 = KRB5 Debug|x64
		{7009C42E-D693-4635-95CF-23ECBA63653C}.Debug|Win32.ActiveCfg = Debug|Win32
		{7009C42E-D693-4635-95CF-23ECBA63653C}.Debug|Win32.Build.0 = Debug|Win32
		{7009C42E-D693-4635-95CF-23ECBA63653C}.Debug|x64.ActiveCfg = Debug|x64
		{7009C42E-D693-4635-95CF-23ECBA63653C}.Debug|x64.Build.0 = Debug|x64
		{7009C42E-D693-4635-95CF-23ECBA63653C}.Release_pdcurses|Win32.ActiveCfg = Release_pdcurses|Win32
		{7009C42E-D693-4635-95CF-23ECBA63653C}.Release_pdcurses|Win32.Build.0 = Release_pdcurses|Win32
		{7009C42E-D693-4635-95CF-23ECBA63653C}.Release_pdcurses|x64.ActiveCfg = Release_pdcurses|x64
		{7009C42E-D693-4635-95CF-23ECBA63653C}.Release_pdcurses|x64.Build.0 = Release_pdcurses|x64
		{7009C42E-D693-4635-95CF-23ECBA63653C}.Release|Win32.ActiveCfg = Release|Win32
		{7009C42E-D693-4635-95CF-23ECBA63653C}.Release|Win32.Build.0 = Release|Win32
		{7009C42E-D693-4635-95CF-23ECBA63653C}.Release|x64.ActiveCfg = Release|x64
		{7009C42E-D693-4635-95CF-23ECBA63653C}.Release|x64.Build.0 = Release|x64
		{0169213B-F29C-4244-8280-602EB17F55FB}.Debug_pdcurses|Win32.ActiveCfg = Debug_pdcurses|Win32
		{0169213B-F29C-4244-8280-602EB17F55FB}.Debug_pdcurses|Win32.Build.0 = Debug_pdcurses|Win32
		{0169213B-F29C-4244-8280-602EB17F55FB}.Debug_pdcurses|x64.ActiveCfg = KRB5 Debug|x64
		{0169213B-F29C-4244-8280-602EB17F55FB}.Debug_pdcurses|x64.Build.0 = Debug_pdcurses|x64
		{0169213B-F29C-4244-8280-602EB17F55FB}.Debug_pdcurses|x64.Build.2 = release_modern|x64
		{0169213B-F29C-4244-8280-602EB17F55FB}.Debug_pdcurses|x64.Build.4 = KRB5 Debug|x64
		{0169213B-F29C-4244-8280-602EB17F55FB}.Debug|Win32.ActiveCfg = Debug|Win32
		{0169213B-F29C-4244-8280-602EB17F55FB}.Debug|Win32.Build.0 = Debug|Win32
		{0169213B-F29C-4244-8280-602EB17F55FB}.Debug|x64.ActiveCfg = Debug|x64
		{0169213B-F29C-4244-8280-602EB17F55FB}.Debug|x64.Build.0 = Debug|x64
		{0169213B-F29C-4244-8280-602EB17F55FB}.Release_pdcurses|Win32.ActiveCfg = Release_pdcurses|Win32
		{0169213B-F29C-4244-8280-602EB17F55FB}.Release_pdcurses|Win32.Build.0 = Release_pdcurses|Win32
		{0169213B-F29C-4244-8280-602EB17F55FB}.Release_pdcurses|x64.ActiveCfg = Release_pdcurses|x64
		{0169213B-F29C-4244-8280-602EB17F55FB}.Release_pdcurses|x64.Build.0 = Release_pdcurses|x64
		{0169213B-F29C-4244-8280-602EB17F55FB}.Release|Win32.ActiveCfg = Release|Win32
		{0169213B-F29C-4244-8280-602EB17F55FB}.Release|Win32.Build.0 = Release|Win32
		{0169213B-F29C-4244-8280-602EB17F55FB}.Release|x64.ActiveCfg = Release|x64
		{0169213B-F29C-4244-8280-602EB17F55FB}.Release|x64.Build.0 = Release|x64
		{91198429-3669-4C40-A294-B8593D7C4987}.Debug_pdcurses|Win32.ActiveCfg = Debug_pdcurses|Win32
		{91198429-3669-4C40-A294-B8593D7C4987}.Debug_pdcurses|Win32.Build.0 = Debug_pdcurses|Win32
		{91198429-3669-4C40-A294-B8593D7C4987}.Debug_pdcurses|x64.ActiveCfg = KRB5 Debug|x64
		{91198429-3669-4C40-A294-B8593D7C4987}.Debug_pdcurses|x64.Build.0 = Debug_pdcurses|x64
		{91198429-3669-4C40-A294-B8593D7C4987}.Debug_pdcurses|x64.Build.2 = release_modern|x64
		{91198429-3669-4C40-A294-B8593D7C4987}.Debug_pdcurses|x64.Build.4 = KRB5 Debug|x64
		{91198429-3669-4C40-A294-B8593D7C4987}.Debug|Win32.ActiveCfg = Debug|Win32
		{91198429-3669-4C40-A294-B8593D7C4987}.Debug|Win32.Build.0 = Debug|Win32
		{91198429-3669-4C40-A294-B8593D7C4987}.Debug|x64.ActiveCfg = Debug|x64
		{91198429-3669-4C40-A294-B8593D7C4987}.Debug|x64.Build.0 = Debug|x64
		{91198429-3669-4C40-A294-B8593D7C4987}.Release_pdcurses|Win32.ActiveCfg = Release_pdcurses|Win32
		{91198429-3669-4C40-A294-B8593D7C4987}.Release_pdcurses|Win32.Build.0 = Release_pdcurses|Win32
		{91198429-3669-4C40-A294-B8593D7C4987}.Release_pdcurses|x64.ActiveCfg = Release_pdcurses|x64
		{91198429-3669-4C40-A294-B8593D7C4987}.Release_pdcurses|x64.Build.0 = Release_pdcurses|x64
		{91198429-3669-4C40-A294-B8593D7C4987}.Release|Win32.ActiveCfg = Release|Win32
		{91198429-3669-4C40-A294-B8593D7C4987}.Release|Win32.Build.0 = Release|Win32
		{91198429-3669-4C40-A294-B8593D7C4987}.Release|x64.ActiveCfg = Release|x64
		{91198429-3669-4C40-A294-B8593D7C4987}.Release|x64.Build.0 = Release|x64
		{23DC26A8-35C0-4775-A2D6-E2092DAB9BFA}.Debug_pdcurses|Win32.ActiveCfg = Debug_pdcurses|Win32
		{23DC26A8-35C0-4775-A2D6-E2092DAB9BFA}.Debug_pdcurses|Win32.Build.0 = Debug_pdcurses|Win32
		{23DC26A8-35C0-4775-A2D6-E2092DAB9BFA}.Debug_pdcurses|x64.ActiveCfg = KRB5 Debug|x64
		{23DC26A8-35C0-4775-A2D6-E2092DAB9BFA}.Debug_pdcurses|x64.Build.0 = Debug_pdcurses|x64
		{23DC26A8-35C0-4775-A2D6-E2092DAB9BFA}.Debug_pdcurses|x64.Build.2 = release_modern|x64
		{23DC26A8-35C0-4775-A2D6-E2092DAB9BFA}.Debug_pdcurses|x64.Build.4 = KRB5 Debug|x64
		{23DC26A8-35C0-4775-A2D6-E2092DAB9BFA}.Debug|Win32.ActiveCfg = Debug|Win32
		{23DC26A8-35C0-4775-A2D6-E2092DAB9BFA}.Debug|Win32.Build.0 = Debug|Win32
		{23DC26A8-35C0-4775-A2D6-E2092DAB9BFA}.Debug|x64.ActiveCfg = Debug|x64
		{23DC26A8-35C0-4775-A2D6-E2092DAB9BFA}.Debug|x64.Build.0 = Debug|x64
		{23DC26A8-35C0-4775-A2D6-E2092DAB9BFA}.Release_pdcurses|Win32.ActiveCfg = Release_pdcurses|Win32
		{23DC26A8-35C0-4775-A2D6-E2092DAB9BFA}.Release_pdcurses|Win32.Build.0 = Release_pdcurses|Win32
		{23DC26A8-35C0-4775-A2D6-E2092DAB9BFA}.Release_pdcurses|x64.ActiveCfg = Release_pdcurses|x64
		{23DC26A8-35C0-4775-A2D6-E2092DAB9BFA}.Release_pdcurses|x64.Build.0 = Release_pdcurses|x64
		{23DC26A8-35C0-4775-A2D6-E2092DAB9BFA}.Release|Win32.ActiveCfg = Release|Win32
		{23DC26A8-35C0-4775-A2D6-E2092DAB9BFA}.Release|Win32.Build.0 = Release|Win32
		{23DC26A8-35C0-4775-A2D6-E2092DAB9BFA}.Release|x64.ActiveCfg = Release|x64
		{23DC26A8-35C0-4775-A2D6-E2092DAB9BFA}.Release|x64.Build.0 = Release|x64
		{83AD1F75-22FD-477B-BB89-352F47286009}.Debug_pdcurses|Win32.ActiveCfg = Debug_pdcurses|Win32
		{83AD1F75-22FD-477B-BB89-352F47286009}.Debug_pdcurses|Win32.Build.0 = Debug_pdcurses|Win32
		{83AD1F75-22FD-477B-BB89-352F47286009}.Debug_pdcurses|x64.ActiveCfg = KRB5 Debug|x64
		{83AD1F75-22FD-477B-BB89-352F47286009}.Debug_pdcurses|x64.Build.0 = Debug_pdcurses|x64
		{83AD1F75-22FD-477B-BB89-352F47286009}.Debug_pdcurses|x64.Build.2 = release_modern|x64
		{83AD1F75-22FD-477B-BB89-352F47286009}.Debug_pdcurses|x64.Build.4 = KRB5 Debug|x64
		{83AD1F75-22FD-477B-BB89-352F47286009}.Debug|Win32.ActiveCfg = Debug|Win32
		{83AD1F75-22FD-477B-BB89-352F47286009}.Debug|Win32.Build.0 = Debug|Win32
		{83AD1F75-22FD-477B-BB89-352F47286009}.Debug|x64.ActiveCfg = Debug|x64
		{83AD1F75-22FD-477B-BB89-352F47286009}.Debug|x64.Build.0 = Debug|x64
		{83AD1F75-22FD-477B-BB89-352F47286009}.Release_pdcurses|Win32.ActiveCfg = Release_pdcurses|Win32
		{83AD1F75-22FD-477B-BB89-352F47286009}.Release_pdcurses|Win32.Build.0 = Release_pdcurses|Win32
		{83AD1F75-22FD-477B-BB89-352F47286009}.Release_pdcurses|x64.ActiveCfg = Release_pdcurses|x64
		{83AD1F75-22FD-477B-BB89-352F47286009}.Release_pdcurses|x64.Build.0 = Release_pdcurses|x64
		{83AD1F75-22FD-477B-BB89-352F47286009}.Release|Win32.ActiveCfg = Release|Win32
		{83AD1F75-22FD-477B-BB89-352F47286009}.Release|Win32.Build.0 = Release|Win32
		{83AD1F75-22FD-477B-BB89-352F47286009}.Release|x64.ActiveCfg = Release|x64
		{83AD1F75-22FD-477B-BB89-352F47286009}.Release|x64.Build.0 = Release|x64
		{7B2595ED-CCB8-4D19-87F2-9A52C7F26EF8}.Debug_pdcurses|Win32.ActiveCfg = Debug_pdcurses|Win32
		{7B2595ED-CCB8-4D19-87F2-9A52C7F26EF8}.Debug_pdcurses|Win32.Build.0 = Debug_pdcurses|Win32
		{7B2595ED-CCB8-4D19-87F2-9A52C7F26EF8}.Debug_pdcurses|x64.ActiveCfg = KRB5 Debug|x64
		{7B2595ED-CCB8-4D19-87F2-9A52C7F26EF8}.Debug_pdcurses|x64.Build.0 = Debug_pdcurses|x64
		{7B2595ED-CCB8-4D19-87F2-9A52C7F26EF8}.Debug_pdcurses|x64.Build.2 = release_modern|x64
		{7B2595ED-CCB8-4D19-87F2-9A52C7F26EF8}.Debug_pdcurses|x64.Build.4 = KRB5 Debug|x64
		{7B2595ED-CCB8-4D19-87F2-9A52C7F26EF8}.Debug|Win32.ActiveCfg = Debug|Win32
		{7B2595ED-CCB8-4D19-87F2-9A52C7F26EF8}.Debug|Win32.Build.0 = Debug|Win32
		{7B2595ED-CCB8-4D19-87F2-9A52C7F26EF8}.Debug|x64.ActiveCfg = Debug|x64
		{7B2595ED-CCB8-4D19-87F2-9A52C7F26EF8}.Debug|x64.Build.0 = Debug|x64
		{7B2595ED-CCB8-4D19-87F2-9A52C7F26EF8}.Release_pdcurses|Win32.ActiveCfg = Release_pdcurses|Win32
		{7B2595ED-CCB8-4D19-87F2-9A52C7F26EF8}.Release_pdcurses|Win32.Build.0 = Release_pdcurses|Win32
		{7B2595ED-CCB8-4D19-87F2-9A52C7F26EF8}.Release_pdcurses|x64.ActiveCfg = Release_pdcurses|x64
		{7B2595ED-CCB8-4D19-87F2-9A52C7F26EF8}.Release_pdcurses|x64.Build.0 = Release_pdcurses|x64
		{7B2595ED-CCB8-4D19-87F2-9A52C7F26EF8}.Release|Win32.ActiveCfg = Release|Win32
		{7B2595ED-CCB8-4D19-87F2-9A52C7F26EF8}.Release|Win32.Build.0 = Release|Win32
		{7B2595ED-CCB8-4D19-87F2-9A52C7F26EF8}.Release|x64.ActiveCfg = Release|x64
		{7B2595ED-CCB8-4D19-87F2-9A52C7F26EF8}.Release|x64.Build.0 = Release|x64
		{91C01688-CEB5-4CF3-B13D-6EF86D630523}.Debug_pdcurses|Win32.ActiveCfg = Debug_pdcurses|Win32
		{91C01688-CEB5-4CF3-B13D-6EF86D630523}.Debug_pdcurses|Win32.Build.0 = Debug_pdcurses|Win32
		{91C01688-CEB5-4CF3-B13D-6EF86D630523}.Debug_pdcurses|x64.ActiveCfg = KRB5 Debug|x64
		{91C01688-CEB5-4CF3-B13D-6EF86D630523}.Debug_pdcurses|x64.Build.0 = Debug_pdcurses|x64
		{91C01688-CEB5-4CF3-B13D-6EF86D630523}.Debug_pdcurses|x64.Build.2 = release_modern|x64
		{91C01688-CEB5-4CF3-B13D-6EF86D630523}.Debug_pdcurses|x64.Build.4 = KRB5 Debug|x64
		{91C01688-CEB5-4CF3-B13D-6EF86D630523}.Debug|Win32.ActiveCfg = Debug|Win32
		{91C01688-CEB5-4CF3-B13D-6EF86D630523}.Debug|Win32.Build.0 = Debug|Win32
		{91C01688-CEB5-4CF3-B13D-6EF86D630523}.Debug|x64.ActiveCfg = Debug|x64
		{91C01688-CEB5-4CF3-B13D-6EF86D630523}.Debug|x64.Build.0 = Debug|x64
		{91C01688-CEB5-4CF3-B13D-6EF86D630523}.Release_pdcurses|Win32.ActiveCfg = Release_pdcurses|Win32
		{91C01688-CEB5-4CF3-B13D-6EF86D630523}.Release_pdcurses|Win32.Build.0 = Release_pdcurses|Win32
		{91C01688-CEB5-4CF3-B13D-6EF86D630523}.Release_pdcurses|x64.ActiveCfg = Release_pdcurses|x64
		{91C01688-CEB5-4CF3-B13D-6EF86D630523}.Release_pdcurses|x64.Build.0 = Release_pdcurses|x64
		{91C01688-CEB5-4CF3-B13D-6EF86D630523}.Release|Win32.ActiveCfg = Release|Win32
		{91C01688-CEB5-4CF3-B13D-6EF86D630523}.Release|Win32.Build.0 = Release|Win32
		{91C01688-CEB5-4CF3-B13D-6EF86D630523}.Release|x64.ActiveCfg = Release|x64
		{91C01688-CEB5-4CF3-B13D-6EF86D630523}.Release|x64.Build.0 = Release|x64
		{E5030DD4-164D-4DB0-A593-FA1C76F1F2D7}.Debug_pdcurses|Win32.ActiveCfg = Debug_pdcurses|Win32
		{E5030DD4-164D-4DB0-A593-FA1C76F1F2D7}.Debug_pdcurses|Win32.Build.0 = Debug_pdcurses|Win32
		{E5030DD4-164D-4DB0-A593-FA1C76F1F2D7}.Debug_pdcurses|x64.ActiveCfg = KRB5 Debug|x64
		{E5030DD4-164D-4DB0-A593-FA1C76F1F2D7}.Debug_pdcurses|x64.Build.0 = Debug_pdcurses|x64
		{E5030DD4-164D-4DB0-A593-FA1C76F1F2D7}.Debug_pdcurses|x64.Build.2 = release_modern|x64
		{E5030DD4-164D-4DB0-A593-FA1C76F1F2D7}.Debug_pdcurses|x64.Build.4 = KRB5 Debug|x64
		{E5030DD4-164D-4DB0-A593-FA1C76F1F2D7}.Debug|Win32.ActiveCfg = Debug|Win32
		{E5030DD4-164D-4DB0-A593-FA1C76F1F2D7}.Debug|Win32.Build.0 = Debug|Win32
		{E5030DD4-164D-4DB0-A593-FA1C76F1F2D7}.Debug|x64.ActiveCfg = Debug|x64
		{E5030DD4-164D-4DB0-A593-FA1C76F1F2D7}.Debug|x64.Build.0 = Debug|x64
		{E5030DD4-164D-4DB0-A593-FA1C76F1F2D7}.Release_pdcurses|Win32.ActiveCfg = Release_pdcurses|Win32
		{E5030DD4-164D-4DB0-A593-FA1C76F1F2D7}.Release_pdcurses|Win32.Build.0 = Release_pdcurses|Win32
		{E5030DD4-164D-4DB0-A593-FA1C76F1F2D7}.Release_pdcurses|x64.ActiveCfg = Release_pdcurses|x64
		{E5030DD4-164D-4DB0-A593-FA1C76F1F2D7}.Release_pdcurses|x64.Build.0 = Release_pdcurses|x64
		{E5030DD4-164D-4DB0-A593-FA1C76F1F2D7}.Release|Win32.ActiveCfg = Release|Win32
		{E5030DD4-164D-4DB0-A593-FA1C76F1F2D7}.Release|Win32.Build.0 = Release|Win32
		{E5030DD4-164D-4DB0-A593-FA1C76F1F2D7}.Release|x64.ActiveCfg = Release|x64
		{E5030DD4-164D-4DB0-A593-FA1C76F1F2D7}.Release|x64.Build.0 = Release|x64
		{12408598-00B6-487F-8F99-61B1300A15AF}.Debug_pdcurses|Win32.ActiveCfg = Debug_pdcurses|Win32
		{12408598-00B6-487F-8F99-61B1300A15AF}.Debug_pdcurses|Win32.Build.0 = Debug_pdcurses|Win32
		{12408598-00B6-487F-8F99-61B1300A15AF}.Debug_pdcurses|x64.ActiveCfg = KRB5 Debug|x64
		{12408598-00B6-487F-8F99-61B1300A15AF}.Debug_pdcurses|x64.Build.0 = Debug_pdcurses|x64
		{12408598-00B6-487F-8F99-61B1300A15AF}.Debug_pdcurses|x64.Build.2 = release_modern|x64
		{12408598-00B6-487F-8F99-61B1300A15AF}.Debug_pdcurses|x64.Build.4 = KRB5 Debug|x64
		{12408598-00B6-487F-8F99-61B1300A15AF}.Debug|Win32.ActiveCfg = Debug|Win32
		{12408598-00B6-487F-8F99-61B1300A15AF}.Debug|Win32.Build.0 = Debug|Win32
		{12408598-00B6-487F-8F99-61B1300A15AF}.Debug|x64.ActiveCfg = Debug|x64
		{12408598-00B6-487F-8F99-61B1300A15AF}.Debug|x64.Build.0 = Debug|x64
		{12408598-00B6-487F-8F99-61B1300A15AF}.Release_pdcurses|Win32.ActiveCfg = Release_pdcurses|Win32
		{12408598-00B6-487F-8F99-61B1300A15AF}.Release_pdcurses|Win32.Build.0 = Release_pdcurses|Win32
		{12408598-00B6-487F-8F99-61B1300A15AF}.Release_pdcurses|x64.ActiveCfg = Release_pdcurses|x64
		{12408598-00B6-487F-8F99-61B1300A15AF}.Release_pdcurses|x64.Build.0 = Release_pdcurses|x64
		{12408598-00B6-487F-8F99-61B1300A15AF}.Release|Win32.ActiveCfg = Release|Win32
		{12408598-00B6-487F-8F99-61B1300A15AF}.Release|Win32.Build.0 = Release|Win32
		{12408598-00B6-487F-8F99-61B1300A15AF}.Release|x64.ActiveCfg = Release|x64
		{12408598-00B6-487F-8F99-61B1300A15AF}.Release|x64.Build.0 = Release|x64
		{1BAED535-4AEF-4041-9CB5-A7DC9C14E105}.Debug_pdcurses|Win32.ActiveCfg = Debug_pdcurses|Win32
		{1BAED535-4AEF-4041-9CB5-A7DC9C14E105}.Debug_pdcurses|Win32.Build.0 = Debug_pdcurses|Win32
		{1BAED535-4AEF-4041-9CB5-A7DC9C14E105}.Debug_pdcurses|x64.ActiveCfg = KRB5 Debug|x64
		{1BAED535-4AEF-4041-9CB5-A7DC9C14E105}.Debug_pdcurses|x64.Build.0 = Debug_pdcurses|x64
		{1BAED535-4AEF-4041-9CB5-A7DC9C14E105}.Debug_pdcurses|x64.Build.2 = release_modern|x64
		{1BAED535-4AEF-4041-9CB5-A7DC9C14E105}.Debug_pdcurses|x64.Build.4 = KRB5 Debug|x64
		{1BAED535-4AEF-4041-9CB5-A7DC9C14E105}.Debug|Win32.ActiveCfg = Debug|Win32
		{1BAED535-4AEF-4041-9CB5-A7DC9C14E105}.Debug|Win32.Build.0 = Debug|Win32
		{1BAED535-4AEF-4041-9CB5-A7DC9C14E105}.Debug|x64.ActiveCfg = Debug|x64
		{1BAED535-4AEF-4041-9CB5-A7DC9C14E105}.Debug|x64.Build.0 = Debug|x64
		{1BAED535-4AEF-4041-9CB5-A7DC9C14E105}.Release_pdcurses|Win32.ActiveCfg = Release_pdcurses|Win32
		{1BAED535-4AEF-4041-9CB5-A7DC9C14E105}.Release_pdcurses|Win32.Build.0 = Release_pdcurses|Win32
		{1BAED535-4AEF-4041-9CB5-A7DC9C14E105}.Release_pdcurses|x64.ActiveCfg = Release_pdcurses|x64
		{1BAED535-4AEF-4041-9CB5-A7DC9C14E105}.Release_pdcurses|x64.Build.0 = Release_pdcurses|x64
		{1BAED535-4AEF-4041-9CB5-A7DC9C14E105}.Release|Win32.ActiveCfg = Release|Win32
		{1BAED535-4AEF-4041-9CB5-A7DC9C14E105}.Release|Win32.Build.0 = Release|Win32
		{1BAED535-4AEF-4041-9CB5-A7DC9C14E105}.Release|x64.ActiveCfg = Release|x64
		{1BAED535-4AEF-4041-9CB5-A7DC9C14E105}.Release|x64.Build.0 = Release|x64
		{CC93828F-7156-4021-9C77-9951FC187E83}.Debug_pdcurses|Win32.ActiveCfg = Debug_pdcurses|Win32
		{CC93828F-7156-4021-9C77-9951FC187E83}.Debug_pdcurses|Win32.Build.0 = Debug_pdcurses|Win32
		{CC93828F-7156-4021-9C77-9951FC187E83}.Debug_pdcurses|x64.ActiveCfg = KRB5 Debug|x64
		{CC93828F-7156-4021-9C77-9951FC187E83}.Debug_pdcurses|x64.Build.0 = Debug_pdcurses|x64
		{CC93828F-7156-4021-9C77-9951FC187E83}.Debug_pdcurses|x64.Build.2 = release_modern|x64
		{CC93828F-7156-4021-9C77-9951FC187E83}.Debug_pdcurses|x64.Build.4 = KRB5 Debug|x64
		{CC93828F-7156-4021-9C77-9951FC187E83}.Debug|Win32.ActiveCfg = Debug|Win32
		{CC93828F-7156-4021-9C77-9951FC187E83}.Debug|Win32.Build.0 = Debug|Win32
		{CC93828F-7156-4021-9C77-9951FC187E83}.Debug|x64.ActiveCfg = Debug|x64
		{CC93828F-7156-4021-9C77-9951FC187E83}.Debug|x64.Build.0 = Debug|x64
		{CC93828F-7156-4021-9C77-9951FC187E83}.Release_pdcurses|Win32.ActiveCfg = Release_pdcurses|Win32
		{CC93828F-7156-4021-9C77-9951FC187E83}.Release_pdcurses|Win32.Build.0 = Release_pdcurses|Win32
		{CC93828F-7156-4021-9C77-9951FC187E83}.Release_pdcurses|x64.ActiveCfg = Release_pdcurses|x64
		{CC93828F-7156-4021-9C77-9951FC187E83}.Release_pdcurses|x64.Build.0 = Release_pdcurses|x64
		{CC93828F-7156-4021-9C77-9951FC187E83}.Release|Win32.ActiveCfg = Release|Win32
		{CC93828F-7156-4021-9C77-9951FC187E83}.Release|Win32.Build.0 = Release|Win32
		{CC93828F-7156-4021-9C77-9951FC187E83}.Release|x64.ActiveCfg = Release|x64
		{CC93828F-7156-4021-9C77-9951FC187E83}.Release|x64.Build.0 = Release|x64
		{EA0EF759-C4CA-45F3-B744-7D26FF1EB287}.Debug_pdcurses|Win32.ActiveCfg = Debug_pdcurses|Win32
		{EA0EF759-C4CA-45F3-B744-7D26FF1EB287}.Debug_pdcurses|Win32.Build.0 = Debug_pdcurses|Win32
		{EA0EF759-C4CA-45F3-B744-7D26FF1EB287}.Debug_pdcurses|x64.ActiveCfg = KRB5 Debug|x64
		{EA0EF759-C4CA-45F3-B744-7D26FF1EB287}.Debug_pdcurses|x64.Build.0 = Debug_pdcurses|x64
		{EA0EF759-C4CA-45F3-B744-7D26FF1EB287}.Debug_pdcurses|x64.Build.2 = release_modern|x64
		{EA0EF759-C4CA-45F3-B744-7D26FF1EB287}.Debug_pdcurses|x64.Build.4 = KRB5 Debug|x64
		{EA0EF759-C4CA-45F3-B744-7D26FF1EB287}.Debug|Win32.ActiveCfg = Debug|Win32
		{EA0EF759-C4CA-45F3-B744-7D26FF1EB287}.Debug|Win32.Build.0 = Debug|Win32
		{EA0EF759-C4CA-45F3-B744-7D26FF1EB287}.Debug|x64.ActiveCfg = Debug|x64
		{EA0EF759-C4CA-45F3-B744-7D26FF1EB287}.Debug|x64.Build.0 = Debug|x64
		{EA0EF759-C4CA-45F3-B744-7D26FF1EB287}.Release_pdcurses|Win32.ActiveCfg = Release_pdcurses|Win32
		{EA0EF759-C4CA-45F3-B744-7D26FF1EB287}.Release_pdcurses|Win32.Build.0 = Release_pdcurses|Win32
		{EA0EF759-C4CA-45F3-B744-7D26FF1EB287}.Release_pdcurses|x64.ActiveCfg = Release_pdcurses|x64
		{EA0EF759-C4CA-45F3-B744-7D26FF1EB287}.Release_pdcurses|x64.Build.0 = Release_pdcurses|x64
		{EA0EF759-C4CA-45F3-B744-7D26FF1EB287}.Release|Win32.ActiveCfg = Release|Win32
		{EA0EF759-C4CA-45F3-B744-7D26FF1EB287}.Release|Win32.Build.0 = Release|Win32
		{EA0EF759-C4CA-45F3-B744-7D26FF1EB287}.Release|x64.ActiveCfg = Release|x64
		{EA0EF759-C4CA-45F3-B744-7D26FF1EB287}.Release|x64.Build.0 = Release|x64
		{B2B95537-A4CE-4510-96A6-00F7B7303922}.Debug_pdcurses|Win32.ActiveCfg = Debug_pdcurses|Win32
		{B2B95537-A4CE-4510-96A6-00F7B7303922}.Debug_pdcurses|Win32.Build.0 = Debug_pdcurses|Win32
		{B2B95537-A4CE-4510-96A6-00F7B7303922}.Debug_pdcurses|x64.ActiveCfg = KRB5 Debug|x64
		{B2B95537-A4CE-4510-96A6-00F7B7303922}.Debug_pdcurses|x64.Build.0 = Debug_pdcurses|x64
		{B2B95537-A4CE-4510-96A6-00F7B7303922}.Debug_pdcurses|x64.Build.2 = release_modern|x64
		{B2B95537-A4CE-4510-96A6-00F7B7303922}.Debug_pdcurses|x64.Build.4 = KRB5 Debug|x64
		{B2B95537-A4CE-4510-96A6-00F7B7303922}.Debug|Win32.ActiveCfg = Debug|Win32
		{B2B95537-A4CE-4510-96A6-00F7B7303922}.Debug|Win32.Build.0 = Debug|Win32
		{B2B95537-A4CE-4510-96A6-00F7B7303922}.Debug|x64.ActiveCfg = Debug|x64
		{B2B95537-A4CE-4510-96A6-00F7B7303922}.Debug|x64.Build.0 = Debug|x64
		{B2B95537-A4CE-4510-96A6-00F7B7303922}.Release_pdcurses|Win32.ActiveCfg = Release_pdcurses|Win32
		{B2B95537-A4CE-4510-96A6-00F7B7303922}.Release_pdcurses|Win32.Build.0 = Release_pdcurses|Win32
		{B2B95537-A4CE-4510-96A6-00F7B7303922}.Release_pdcurses|x64.ActiveCfg = Release_pdcurses|x64
		{B2B95537-A4CE-4510-96A6-00F7B7303922}.Release_pdcurses|x64.Build.0 = Release_pdcurses|x64
		{B2B95537-A4CE-4510-96A6-00F7B7303922}.Release|Win32.ActiveCfg = Release|Win32
		{B2B95537-A4CE-4510-96A6-00F7B7303922}.Release|Win32.Build.0 = Release|Win32
		{B2B95537-A4CE-4510-96A6-00F7B7303922}.Release|x64.ActiveCfg = Release|x64
		{B2B95537-A4CE-4510-96A6-00F7B7303922}.Release|x64.Build.0 = Release|x64
		{6DD493F8-31E1-4958-A240-D157AFFCB07E}.Debug_pdcurses|Win32.ActiveCfg = Debug_pdcurses|Win32
		{6DD493F8-31E1-4958-A240-D157AFFCB07E}.Debug_pdcurses|Win32.Build.0 = Debug_pdcurses|Win32
		{6DD493F8-31E1-4958-A240-D157AFFCB07E}.Debug_pdcurses|x64.ActiveCfg = KRB5 Debug|x64
		{6DD493F8-31E1-4958-A240-D157AFFCB07E}.Debug_pdcurses|x64.Build.0 = Debug_pdcurses|x64
		{6DD493F8-31E1-4958-A240-D157AFFCB07E}.Debug_pdcurses|x64.Build.2 = release_modern|x64
		{6DD493F8-31E1-4958-A240-D157AFFCB07E}.Debug_pdcurses|x64.Build.4 = KRB5 Debug|x64
		{6DD493F8-31E1-4958-A240-D157AFFCB07E}.Debug|Win32.ActiveCfg = Debug|Win32
		{6DD493F8-31E1-4958-A240-D157AFFCB07E}.Debug|Win32.Build.0 = Debug|Win32
		{6DD493F8-31E1-4958-A240-D157AFFCB07E}.Debug|x64.ActiveCfg = Debug|x64
		{6DD493F8-31E1-4958-A240-D157AFFCB07E}.Debug|x64.Build.0 = Debug|x64
		{6DD493F8-31E1-4958-A240-D157AFFCB07E}.Release_pdcurses|Win32.ActiveCfg = Release_pdcurses|Win32
		{6DD493F8-31E1-4958-A240-D157AFFCB07E}.Release_pdcurses|Win32.Build.0 = Release_pdcurses|Win32
		{6DD493F8-31E1-4958-A240-D157AFFCB07E}.Release_pdcurses|x64.ActiveCfg = Release_pdcurses|x64
		{6DD493F8-31E1-4958-A240-D157AFFCB07E}.Release_pdcurses|x64.Build.0 = Release_pdcurses|x64
		{6DD493F8-31E1-4958-A240-D157AFFCB07E}.Release|Win32.ActiveCfg = Release|Win32
		{6DD493F8-31E1-4958-A240-D157AFFCB07E}.Release|Win32.Build.0 = Release|Win32
		{6DD493F8-31E1-4958-A240-D157AFFCB07E}.Release|x64.ActiveCfg = Release|x64
		{6DD493F8-31E1-4958-A240-D157AFFCB07E}.Release|x64.Build.0 = Release|x64
		{417CB8F4-5AE3-45AC-B903-83DB1556303C}.Debug_pdcurses|Win32.ActiveCfg = Debug_pdcurses|Win32
		{417CB8F4-5AE3-45AC-B903-83DB1556303C}.Debug_pdcurses|Win32.Build.0 = Debug_pdcurses|Win32
		{417CB8F4-5AE3-45AC-B903-83DB1556303C}.Debug_pdcurses|x64.ActiveCfg = release_modern|x64
		{417CB8F4-5AE3-45AC-B903-83DB1556303C}.Debug_pdcurses|x64.Build.0 = Debug_pdcurses|x64
		{417CB8F4-5AE3-45AC-B903-83DB1556303C}.Debug_pdcurses|x64.Build.2 = release_modern|x64
		{417CB8F4-5AE3-45AC-B903-83DB1556303C}.Debug|Win32.ActiveCfg = Debug|Win32
		{417CB8F4-5AE3-45AC-B903-83DB1556303C}.Debug|Win32.Build.0 = Debug|Win32
		{417CB8F4-5AE3-45AC-B903-83DB1556303C}.Debug|x64.ActiveCfg = Debug|x64
		{417CB8F4-5AE3-45AC-B903-83DB1556303C}.Debug|x64.Build.0 = Debug|x64
		{417CB8F4-5AE3-45AC-B903-83DB1556303C}.Release_pdcurses|Win32.ActiveCfg = Release_pdcurses|Win32
		{417CB8F4-5AE3-45AC-B903-83DB1556303C}.Release_pdcurses|Win32.Build.0 = Release_pdcurses|Win32
		{417CB8F4-5AE3-45AC-B903-83DB1556303C}.Release_pdcurses|x64.ActiveCfg = Release_pdcurses|x64
		{417CB8F4-5AE3-45AC-B903-83DB1556303C}.Release_pdcurses|x64.Build.0 = Release_pdcurses|x64
		{417CB8F4-5AE3-45AC-B903-83DB1556303C}.Release|Win32.ActiveCfg = Release|Win32
		{417CB8F4-5AE3-45AC-B903-83DB1556303C}.Release|Win32.Build.0 = Release|Win32
		{417CB8F4-5AE3-45AC-B903-83DB1556303C}.Release|x64.ActiveCfg = Release|x64
		{417CB8F4-5AE3-45AC-B903-83DB1556303C}.Release|x64.Build.0 = Release|x64
	EndGlobalSection
	GlobalSection(SolutionProperties) = preSolution
		HideSolutionNode = FALSE
	EndGlobalSection
EndGlobal
