Microsoft Visual Studio Solution File, Format Version 8.00
Project("{8BC9CEB8-8B4A-11D0-8D11-00A0C91BC942}") = "modeltool", "modeltool.vcproj", "{75BC8894-499A-441C-B21B-875CA252507A}"
	ProjectSection(ProjectDependencies) = postProject
		{6DD493F8-31E1-4958-A240-D157AFFCB07E} = {6DD493F8-31E1-4958-A240-D157AFFCB07E}
	EndProjectSection
EndProject
Project("{8BC9CEB8-8B4A-11D0-8D11-00A0C91BC942}") = "regex", "..\..\..\MSVC\VC71\regex.vcproj", "{6DD493F8-31E1-4958-A240-D157AFFCB07E}"
	ProjectSection(ProjectDependencies) = postProject
	EndProjectSection
EndProject
Global
	GlobalSection(SolutionConfiguration) = preSolution
		Debug = Debug
		Release = Release
	EndGlobalSection
	GlobalSection(ProjectConfiguration) = postSolution
		{75BC8894-499A-441C-B21B-875CA252507A}.Debug.ActiveCfg = Debug|Win32
		{75BC8894-499A-441C-B21B-875CA252507A}.Debug.Build.0 = Debug|Win32
		{75BC8894-499A-441C-B21B-875CA252507A}.Release.ActiveCfg = Release|Win32
		{75BC8894-499A-441C-B21B-875CA252507A}.Release.Build.0 = Release|Win32
		{6DD493F8-31E1-4958-A240-D157AFFCB07E}.Debug.ActiveCfg = Debug|Win32
		{6DD493F8-31E1-4958-A240-D157AFFCB07E}.Debug.Build.0 = Debug|Win32
		{6DD493F8-31E1-4958-A240-D157AFFCB07E}.Release.ActiveCfg = Release|Win32
		{6DD493F8-31E1-4958-A240-D157AFFCB07E}.Release.Build.0 = Release|Win32
	EndGlobalSection
	GlobalSection(ExtensibilityGlobals) = postSolution
	EndGlobalSection
	GlobalSection(ExtensibilityAddIns) = postSolution
	EndGlobalSection
EndGlobal
