Microsoft Visual Studio Solution File, Format Version 10.00
# Visual Studio 2008
Project("{8BC9CEB8-8B4A-11D0-8D11-00A0C91BC942}") = "mapchange", "mapchange.vcproj", "{7919C40A-B1E5-4DBC-BD0D-11F6119ABFA2}"
	ProjectSection(ProjectDependencies) = postProject
		{645768BE-97C8-4DE4-9100-111BD2808B35} = {645768BE-97C8-4DE4-9100-111BD2808B35}
	EndProjectSection
EndProject
Project("{8BC9CEB8-8B4A-11D0-8D11-00A0C91BC942}") = "plugin_utils", "..\plugin_utils\plugin_utils.vcproj", "{645768BE-97C8-4DE4-9100-111BD2808B35}"
EndProject
Global
	GlobalSection(SolutionConfigurationPlatforms) = preSolution
		Debug|Win32 = Debug|Win32
		Release|Win32 = Release|Win32
	EndGlobalSection
	GlobalSection(ProjectConfigurationPlatforms) = postSolution
		{7919C40A-B1E5-4DBC-BD0D-11F6119ABFA2}.Debug|Win32.ActiveCfg = Debug|Win32
		{7919C40A-B1E5-4DBC-BD0D-11F6119ABFA2}.Debug|Win32.Build.0 = Debug|Win32
		{7919C40A-B1E5-4DBC-BD0D-11F6119ABFA2}.Release|Win32.ActiveCfg = Release|Win32
		{7919C40A-B1E5-4DBC-BD0D-11F6119ABFA2}.Release|Win32.Build.0 = Release|Win32
		{645768BE-97C8-4DE4-9100-111BD2808B35}.Debug|Win32.ActiveCfg = Debug|Win32
		{645768BE-97C8-4DE4-9100-111BD2808B35}.Debug|Win32.Build.0 = Debug|Win32
		{645768BE-97C8-4DE4-9100-111BD2808B35}.Release|Win32.ActiveCfg = Release|Win32
		{645768BE-97C8-4DE4-9100-111BD2808B35}.Release|Win32.Build.0 = Release|Win32
	EndGlobalSection
	GlobalSection(SolutionProperties) = preSolution
		HideSolutionNode = FALSE
	EndGlobalSection
EndGlobal
