Microsoft Visual Studio Solution File, Format Version 12.00
# Visual Studio 14
VisualStudioVersion = 14.0.25123.0
MinimumVisualStudioVersion = 10.0.40219.1
Project("{8BC9CEB8-8B4A-11D0-8D11-00A0C91BC942}") = "bzflag", "build\bzflag.vcxproj", "{5000550B-DA03-4872-9975-1AA7EE3A40AF}"
EndProject
Project("{8BC9CEB8-8B4A-11D0-8D11-00A0C91BC942}") = "common", "build\common.vcxproj", "{57138F88-A81F-4FFB-8BDD-58DB1A1473F5}"
EndProject
Project("{8BC9CEB8-8B4A-11D0-8D11-00A0C91BC942}") = "date", "build\date.vcxproj", "{93772A78-3C80-4635-AC84-983B8E0FECF3}"
EndProject
Project("{8BC9CEB8-8B4A-11D0-8D11-00A0C91BC942}") = "geometry", "build\geometry.vcxproj", "{7009C42E-D693-4635-95CF-23ECBA63653C}"
EndProject
Project("{8BC9CEB8-8B4A-11D0-8D11-00A0C91BC942}") = "mediafile", "build\mediafile.vcxproj", "{83AD1F75-22FD-477B-BB89-352F47286009}"
EndProject
Project("{8BC9CEB8-8B4A-11D0-8D11-00A0C91BC942}") = "net", "build\net.vcxproj", "{7B2595ED-CCB8-4D19-87F2-9A52C7F26EF8}"
EndProject
Project("{8BC9CEB8-8B4A-11D0-8D11-00A0C91BC942}") = "obstacle", "build\obstacle.vcxproj", "{91C01688-CEB5-4CF3-B13D-6EF86D630523}"
EndProject
Project("{8BC9CEB8-8B4A-11D0-8D11-00A0C91BC942}") = "ogl", "build\ogl.vcxproj", "{E5030DD4-164D-4DB0-A593-FA1C76F1F2D7}"
EndProject
Project("{8BC9CEB8-8B4A-11D0-8D11-00A0C91BC942}") = "platform", "build\platform.vcxproj", "{12408598-00B6-487F-8F99-61B1300A15AF}"
EndProject
Project("{8BC9CEB8-8B4A-11D0-8D11-00A0C91BC942}") = "scene", "build\scene.vcxproj", "{1BAED535-4AEF-4041-9CB5-A7DC9C14E105}"
EndProject
Project("{8BC9CEB8-8B4A-11D0-8D11-00A0C91BC942}") = "3D", "build\3D.vcxproj", "{EA0EF759-C4CA-45F3-B744-7D26FF1EB287}"
EndProject
Project("{8BC9CEB8-8B4A-11D0-8D11-00A0C91BC942}") = "game", "build\game.vcxproj", "{B2B95537-A4CE-4510-96A6-00F7B7303922}"
EndProject
Global
	GlobalSection(SolutionConfigurationPlatforms) = preSolution
		Debug|Win32 = Debug|Win32
		Debug|x64 = Debug|x64
		Release|Win32 = Release|Win32
		Release|x64 = Release|x64
	EndGlobalSection
	GlobalSection(ProjectConfigurationPlatforms) = postSolution
		{5000550B-DA03-4872-9975-1AA7EE3A40AF}.Debug|Win32.ActiveCfg = Debug|Win32
		{5000550B-DA03-4872-9975-1AA7EE3A40AF}.Debug|Win32.Build.0 = Debug|Win32
		{5000550B-DA03-4872-9975-1AA7EE3A40AF}.Debug|x64.ActiveCfg = Debug|x64
		{5000550B-DA03-4872-9975-1AA7EE3A40AF}.Debug|x64.Build.0 = Debug|x64
		{5000550B-DA03-4872-9975-1AA7EE3A40AF}.Release|Win32.ActiveCfg = Release|Win32
		{5000550B-DA03-4872-9975-1AA7EE3A40AF}.Release|Win32.Build.0 = Release|Win32
		{5000550B-DA03-4872-9975-1AA7EE3A40AF}.Release|x64.ActiveCfg = Release|x64
		{5000550B-DA03-4872-9975-1AA7EE3A40AF}.Release|x64.Build.0 = Release|x64
		{57138F88-A81F-4FFB-8BDD-58DB1A1473F5}.Debug|Win32.ActiveCfg = Debug|Win32
		{57138F88-A81F-4FFB-8BDD-58DB1A1473F5}.Debug|Win32.Build.0 = Debug|Win32
		{57138F88-A81F-4FFB-8BDD-58DB1A1473F5}.Debug|x64.ActiveCfg = Debug|x64
		{57138F88-A81F-4FFB-8BDD-58DB1A1473F5}.Debug|x64.Build.0 = Debug|x64
		{57138F88-A81F-4FFB-8BDD-58DB1A1473F5}.Release|Win32.ActiveCfg = Release|Win32
		{57138F88-A81F-4FFB-8BDD-58DB1A1473F5}.Release|Win32.Build.0 = Release|Win32
		{57138F88-A81F-4FFB-8BDD-58DB1A1473F5}.Release|x64.ActiveCfg = Release|x64
		{57138F88-A81F-4FFB-8BDD-58DB1A1473F5}.Release|x64.Build.0 = Release|x64
		{93772A78-3C80-4635-AC84-983B8E0FECF3}.Debug|Win32.ActiveCfg = Debug|Win32
		{93772A78-3C80-4635-AC84-983B8E0FECF3}.Debug|Win32.Build.0 = Debug|Win32
		{93772A78-3C80-4635-AC84-983B8E0FECF3}.Debug|x64.ActiveCfg = Debug|x64
		{93772A78-3C80-4635-AC84-983B8E0FECF3}.Debug|x64.Build.0 = Debug|x64
		{93772A78-3C80-4635-AC84-983B8E0FECF3}.Release|Win32.ActiveCfg = Release|Win32
		{93772A78-3C80-4635-AC84-983B8E0FECF3}.Release|Win32.Build.0 = Release|Win32
		{93772A78-3C80-4635-AC84-983B8E0FECF3}.Release|x64.ActiveCfg = Release|x64
		{93772A78-3C80-4635-AC84-983B8E0FECF3}.Release|x64.Build.0 = Release|x64
		{7009C42E-D693-4635-95CF-23ECBA63653C}.Debug|Win32.ActiveCfg = Debug|Win32
		{7009C42E-D693-4635-95CF-23ECBA63653C}.Debug|Win32.Build.0 = Debug|Win32
		{7009C42E-D693-4635-95CF-23ECBA63653C}.Debug|x64.ActiveCfg = Debug|x64
		{7009C42E-D693-4635-95CF-23ECBA63653C}.Debug|x64.Build.0 = Debug|x64
		{7009C42E-D693-4635-95CF-23ECBA63653C}.Release|Win32.ActiveCfg = Release|Win32
		{7009C42E-D693-4635-95CF-23ECBA63653C}.Release|Win32.Build.0 = Release|Win32
		{7009C42E-D693-4635-95CF-23ECBA63653C}.Release|x64.ActiveCfg = Release|x64
		{7009C42E-D693-4635-95CF-23ECBA63653C}.Release|x64.Build.0 = Release|x64
		{83AD1F75-22FD-477B-BB89-352F47286009}.Debug|Win32.ActiveCfg = Debug|Win32
		{83AD1F75-22FD-477B-BB89-352F47286009}.Debug|Win32.Build.0 = Debug|Win32
		{83AD1F75-22FD-477B-BB89-352F47286009}.Debug|x64.ActiveCfg = Debug|x64
		{83AD1F75-22FD-477B-BB89-352F47286009}.Debug|x64.Build.0 = Debug|x64
		{83AD1F75-22FD-477B-BB89-352F47286009}.Release|Win32.ActiveCfg = Release|Win32
		{83AD1F75-22FD-477B-BB89-352F47286009}.Release|Win32.Build.0 = Release|Win32
		{83AD1F75-22FD-477B-BB89-352F47286009}.Release|x64.ActiveCfg = Release|x64
		{83AD1F75-22FD-477B-BB89-352F47286009}.Release|x64.Build.0 = Release|x64
		{7B2595ED-CCB8-4D19-87F2-9A52C7F26EF8}.Debug|Win32.ActiveCfg = Debug|Win32
		{7B2595ED-CCB8-4D19-87F2-9A52C7F26EF8}.Debug|Win32.Build.0 = Debug|Win32
		{7B2595ED-CCB8-4D19-87F2-9A52C7F26EF8}.Debug|x64.ActiveCfg = Debug|x64
		{7B2595ED-CCB8-4D19-87F2-9A52C7F26EF8}.Debug|x64.Build.0 = Debug|x64
		{7B2595ED-CCB8-4D19-87F2-9A52C7F26EF8}.Release|Win32.ActiveCfg = Release|Win32
		{7B2595ED-CCB8-4D19-87F2-9A52C7F26EF8}.Release|Win32.Build.0 = Release|Win32
		{7B2595ED-CCB8-4D19-87F2-9A52C7F26EF8}.Release|x64.ActiveCfg = Release|x64
		{7B2595ED-CCB8-4D19-87F2-9A52C7F26EF8}.Release|x64.Build.0 = Release|x64
		{91C01688-CEB5-4CF3-B13D-6EF86D630523}.Debug|Win32.ActiveCfg = Debug|Win32
		{91C01688-CEB5-4CF3-B13D-6EF86D630523}.Debug|Win32.Build.0 = Debug|Win32
		{91C01688-CEB5-4CF3-B13D-6EF86D630523}.Debug|x64.ActiveCfg = Debug|x64
		{91C01688-CEB5-4CF3-B13D-6EF86D630523}.Debug|x64.Build.0 = Debug|x64
		{91C01688-CEB5-4CF3-B13D-6EF86D630523}.Release|Win32.ActiveCfg = Release|Win32
		{91C01688-CEB5-4CF3-B13D-6EF86D630523}.Release|Win32.Build.0 = Release|Win32
		{91C01688-CEB5-4CF3-B13D-6EF86D630523}.Release|x64.ActiveCfg = Release|x64
		{91C01688-CEB5-4CF3-B13D-6EF86D630523}.Release|x64.Build.0 = Release|x64
		{E5030DD4-164D-4DB0-A593-FA1C76F1F2D7}.Debug|Win32.ActiveCfg = Debug|Win32
		{E5030DD4-164D-4DB0-A593-FA1C76F1F2D7}.Debug|Win32.Build.0 = Debug|Win32
		{E5030DD4-164D-4DB0-A593-FA1C76F1F2D7}.Debug|x64.ActiveCfg = Debug|x64
		{E5030DD4-164D-4DB0-A593-FA1C76F1F2D7}.Debug|x64.Build.0 = Debug|x64
		{E5030DD4-164D-4DB0-A593-FA1C76F1F2D7}.Release|Win32.ActiveCfg = Release|Win32
		{E5030DD4-164D-4DB0-A593-FA1C76F1F2D7}.Release|Win32.Build.0 = Release|Win32
		{E5030DD4-164D-4DB0-A593-FA1C76F1F2D7}.Release|x64.ActiveCfg = Release|x64
		{E5030DD4-164D-4DB0-A593-FA1C76F1F2D7}.Release|x64.Build.0 = Release|x64
		{12408598-00B6-487F-8F99-61B1300A15AF}.Debug|Win32.ActiveCfg = Debug|Win32
		{12408598-00B6-487F-8F99-61B1300A15AF}.Debug|Win32.Build.0 = Debug|Win32
		{12408598-00B6-487F-8F99-61B1300A15AF}.Debug|x64.ActiveCfg = Debug|x64
		{12408598-00B6-487F-8F99-61B1300A15AF}.Debug|x64.Build.0 = Debug|x64
		{12408598-00B6-487F-8F99-61B1300A15AF}.Release|Win32.ActiveCfg = Release|Win32
		{12408598-00B6-487F-8F99-61B1300A15AF}.Release|Win32.Build.0 = Release|Win32
		{12408598-00B6-487F-8F99-61B1300A15AF}.Release|x64.ActiveCfg = Release|x64
		{12408598-00B6-487F-8F99-61B1300A15AF}.Release|x64.Build.0 = Release|x64
		{1BAED535-4AEF-4041-9CB5-A7DC9C14E105}.Debug|Win32.ActiveCfg = Debug|Win32
		{1BAED535-4AEF-4041-9CB5-A7DC9C14E105}.Debug|Win32.Build.0 = Debug|Win32
		{1BAED535-4AEF-4041-9CB5-A7DC9C14E105}.Debug|x64.ActiveCfg = Debug|x64
		{1BAED535-4AEF-4041-9CB5-A7DC9C14E105}.Debug|x64.Build.0 = Debug|x64
		{1BAED535-4AEF-4041-9CB5-A7DC9C14E105}.Release|Win32.ActiveCfg = Release|Win32
		{1BAED535-4AEF-4041-9CB5-A7DC9C14E105}.Release|Win32.Build.0 = Release|Win32
		{1BAED535-4AEF-4041-9CB5-A7DC9C14E105}.Release|x64.ActiveCfg = Release|x64
		{1BAED535-4AEF-4041-9CB5-A7DC9C14E105}.Release|x64.Build.0 = Release|x64
		{EA0EF759-C4CA-45F3-B744-7D26FF1EB287}.Debug|Win32.ActiveCfg = Debug|Win32
		{EA0EF759-C4CA-45F3-B744-7D26FF1EB287}.Debug|Win32.Build.0 = Debug|Win32
		{EA0EF759-C4CA-45F3-B744-7D26FF1EB287}.Debug|x64.ActiveCfg = Debug|x64
		{EA0EF759-C4CA-45F3-B744-7D26FF1EB287}.Debug|x64.Build.0 = Debug|x64
		{EA0EF759-C4CA-45F3-B744-7D26FF1EB287}.Release|Win32.ActiveCfg = Release|Win32
		{EA0EF759-C4CA-45F3-B744-7D26FF1EB287}.Release|Win32.Build.0 = Release|Win32
		{EA0EF759-C4CA-45F3-B744-7D26FF1EB287}.Release|x64.ActiveCfg = Release|x64
		{EA0EF759-C4CA-45F3-B744-7D26FF1EB287}.Release|x64.Build.0 = Release|x64
		{B2B95537-A4CE-4510-96A6-00F7B7303922}.Debug|Win32.ActiveCfg = Debug|Win32
		{B2B95537-A4CE-4510-96A6-00F7B7303922}.Debug|Win32.Build.0 = Debug|Win32
		{B2B95537-A4CE-4510-96A6-00F7B7303922}.Debug|x64.ActiveCfg = Debug|x64
		{B2B95537-A4CE-4510-96A6-00F7B7303922}.Debug|x64.Build.0 = Debug|x64
		{B2B95537-A4CE-4510-96A6-00F7B7303922}.Release|Win32.ActiveCfg = Release|Win32
		{B2B95537-A4CE-4510-96A6-00F7B7303922}.Release|Win32.Build.0 = Release|Win32
		{B2B95537-A4CE-4510-96A6-00F7B7303922}.Release|x64.ActiveCfg = Release|x64
		{B2B95537-A4CE-4510-96A6-00F7B7303922}.Release|x64.Build.0 = Release|x64
	EndGlobalSection
	GlobalSection(SolutionProperties) = preSolution
		HideSolutionNode = FALSE
	EndGlobalSection
EndGlobal
