Microsoft Visual Studio Solution File, Format Version 7.00
Project("{8BC9CEB8-8B4A-11D0-8D11-00A0C91BC942}") = "bzflag", "bzflag.vcproj", "{3A83DE23-6884-451B-A5ED-A741CE492B73}"
EndProject
Project("{8BC9CEB8-8B4A-11D0-8D11-00A0C91BC942}") = "bzfls", "bzfls.vcproj", "{AA00663A-5B39-4F47-B1C4-D7594E6CA96C}"
EndProject
Project("{8BC9CEB8-8B4A-11D0-8D11-00A0C91BC942}") = "bzfs", "bzfs.vcproj", "{0BD40CFD-D333-4190-B3B8-7B441A6B9F68}"
EndProject
Project("{8BC9CEB8-8B4A-11D0-8D11-00A0C91BC942}") = "bzwtransform", "bzwtransform.vcproj", "{8A779B3C-274D-4F23-85C2-7728A58B9B21}"
EndProject
Project("{8BC9CEB8-8B4A-11D0-8D11-00A0C91BC942}") = "common", "common.vcproj", "{556E2478-5DCD-41D0-83B2-CCC21427D280}"
EndProject
Project("{8BC9CEB8-8B4A-11D0-8D11-00A0C91BC942}") = "geometry", "geometry.vcproj", "{BFBB4E23-1EA3-4825-85E6-1BDCDA110B7E}"
EndProject
Project("{8BC9CEB8-8B4A-11D0-8D11-00A0C91BC942}") = "net", "net.vcproj", "{D621636E-2058-4462-8D7E-862714E8C9C8}"
EndProject
Project("{8BC9CEB8-8B4A-11D0-8D11-00A0C91BC942}") = "obstacle", "obstacle.vcproj", "{0DC2B6A4-8AE0-42D7-BADB-EC09E95B4482}"
EndProject
Project("{8BC9CEB8-8B4A-11D0-8D11-00A0C91BC942}") = "ogl", "ogl.vcproj", "{183CF31E-830C-49B1-84F6-721AF52A4502}"
EndProject
Project("{8BC9CEB8-8B4A-11D0-8D11-00A0C91BC942}") = "platform", "platform.vcproj", "{826883B4-201B-4F60-BD69-707CD02E7989}"
EndProject
Project("{8BC9CEB8-8B4A-11D0-8D11-00A0C91BC942}") = "scene", "scene.vcproj", "{E13B2247-E089-4434-B818-873BB3B2DEB1}"
EndProject
Global
	GlobalSection(SolutionConfiguration) = preSolution
		ConfigName.0 = Debug
		ConfigName.1 = Release
	EndGlobalSection
	GlobalSection(ProjectDependencies) = postSolution
		{3A83DE23-6884-451B-A5ED-A741CE492B73}.0 = {E13B2247-E089-4434-B818-873BB3B2DEB1}
		{3A83DE23-6884-451B-A5ED-A741CE492B73}.1 = {826883B4-201B-4F60-BD69-707CD02E7989}
		{3A83DE23-6884-451B-A5ED-A741CE492B73}.2 = {183CF31E-830C-49B1-84F6-721AF52A4502}
		{3A83DE23-6884-451B-A5ED-A741CE492B73}.3 = {0DC2B6A4-8AE0-42D7-BADB-EC09E95B4482}
		{3A83DE23-6884-451B-A5ED-A741CE492B73}.4 = {D621636E-2058-4462-8D7E-862714E8C9C8}
		{3A83DE23-6884-451B-A5ED-A741CE492B73}.5 = {BFBB4E23-1EA3-4825-85E6-1BDCDA110B7E}
		{3A83DE23-6884-451B-A5ED-A741CE492B73}.6 = {556E2478-5DCD-41D0-83B2-CCC21427D280}
		{AA00663A-5B39-4F47-B1C4-D7594E6CA96C}.0 = {D621636E-2058-4462-8D7E-862714E8C9C8}
		{AA00663A-5B39-4F47-B1C4-D7594E6CA96C}.1 = {556E2478-5DCD-41D0-83B2-CCC21427D280}
		{0BD40CFD-D333-4190-B3B8-7B441A6B9F68}.0 = {D621636E-2058-4462-8D7E-862714E8C9C8}
		{0BD40CFD-D333-4190-B3B8-7B441A6B9F68}.1 = {556E2478-5DCD-41D0-83B2-CCC21427D280}
	EndGlobalSection
	GlobalSection(ProjectConfiguration) = postSolution
		{3A83DE23-6884-451B-A5ED-A741CE492B73}.Debug.ActiveCfg = Debug|Win32
		{3A83DE23-6884-451B-A5ED-A741CE492B73}.Debug.Build.0 = Debug|Win32
		{3A83DE23-6884-451B-A5ED-A741CE492B73}.Release.ActiveCfg = Release|Win32
		{3A83DE23-6884-451B-A5ED-A741CE492B73}.Release.Build.0 = Release|Win32
		{AA00663A-5B39-4F47-B1C4-D7594E6CA96C}.Debug.ActiveCfg = Debug|Win32
		{AA00663A-5B39-4F47-B1C4-D7594E6CA96C}.Debug.Build.0 = Debug|Win32
		{AA00663A-5B39-4F47-B1C4-D7594E6CA96C}.Release.ActiveCfg = Release|Win32
		{AA00663A-5B39-4F47-B1C4-D7594E6CA96C}.Release.Build.0 = Release|Win32
		{0BD40CFD-D333-4190-B3B8-7B441A6B9F68}.Debug.ActiveCfg = Debug|Win32
		{0BD40CFD-D333-4190-B3B8-7B441A6B9F68}.Debug.Build.0 = Debug|Win32
		{0BD40CFD-D333-4190-B3B8-7B441A6B9F68}.Release.ActiveCfg = Release|Win32
		{0BD40CFD-D333-4190-B3B8-7B441A6B9F68}.Release.Build.0 = Release|Win32
		{8A779B3C-274D-4F23-85C2-7728A58B9B21}.Debug.ActiveCfg = Debug|Win32
		{8A779B3C-274D-4F23-85C2-7728A58B9B21}.Debug.Build.0 = Debug|Win32
		{8A779B3C-274D-4F23-85C2-7728A58B9B21}.Release.ActiveCfg = Release|Win32
		{8A779B3C-274D-4F23-85C2-7728A58B9B21}.Release.Build.0 = Release|Win32
		{556E2478-5DCD-41D0-83B2-CCC21427D280}.Debug.ActiveCfg = Debug|Win32
		{556E2478-5DCD-41D0-83B2-CCC21427D280}.Debug.Build.0 = Debug|Win32
		{556E2478-5DCD-41D0-83B2-CCC21427D280}.Release.ActiveCfg = Release|Win32
		{556E2478-5DCD-41D0-83B2-CCC21427D280}.Release.Build.0 = Release|Win32
		{BFBB4E23-1EA3-4825-85E6-1BDCDA110B7E}.Debug.ActiveCfg = Debug|Win32
		{BFBB4E23-1EA3-4825-85E6-1BDCDA110B7E}.Debug.Build.0 = Debug|Win32
		{BFBB4E23-1EA3-4825-85E6-1BDCDA110B7E}.Release.ActiveCfg = Release|Win32
		{BFBB4E23-1EA3-4825-85E6-1BDCDA110B7E}.Release.Build.0 = Release|Win32
		{D621636E-2058-4462-8D7E-862714E8C9C8}.Debug.ActiveCfg = Debug|Win32
		{D621636E-2058-4462-8D7E-862714E8C9C8}.Debug.Build.0 = Debug|Win32
		{D621636E-2058-4462-8D7E-862714E8C9C8}.Release.ActiveCfg = Release|Win32
		{D621636E-2058-4462-8D7E-862714E8C9C8}.Release.Build.0 = Release|Win32
		{0DC2B6A4-8AE0-42D7-BADB-EC09E95B4482}.Debug.ActiveCfg = Debug|Win32
		{0DC2B6A4-8AE0-42D7-BADB-EC09E95B4482}.Debug.Build.0 = Debug|Win32
		{0DC2B6A4-8AE0-42D7-BADB-EC09E95B4482}.Release.ActiveCfg = Release|Win32
		{0DC2B6A4-8AE0-42D7-BADB-EC09E95B4482}.Release.Build.0 = Release|Win32
		{183CF31E-830C-49B1-84F6-721AF52A4502}.Debug.ActiveCfg = Debug|Win32
		{183CF31E-830C-49B1-84F6-721AF52A4502}.Debug.Build.0 = Debug|Win32
		{183CF31E-830C-49B1-84F6-721AF52A4502}.Release.ActiveCfg = Release|Win32
		{183CF31E-830C-49B1-84F6-721AF52A4502}.Release.Build.0 = Release|Win32
		{826883B4-201B-4F60-BD69-707CD02E7989}.Debug.ActiveCfg = Debug|Win32
		{826883B4-201B-4F60-BD69-707CD02E7989}.Debug.Build.0 = Debug|Win32
		{826883B4-201B-4F60-BD69-707CD02E7989}.Release.ActiveCfg = Release|Win32
		{826883B4-201B-4F60-BD69-707CD02E7989}.Release.Build.0 = Release|Win32
		{E13B2247-E089-4434-B818-873BB3B2DEB1}.Debug.ActiveCfg = Debug|Win32
		{E13B2247-E089-4434-B818-873BB3B2DEB1}.Debug.Build.0 = Debug|Win32
		{E13B2247-E089-4434-B818-873BB3B2DEB1}.Release.ActiveCfg = Release|Win32
		{E13B2247-E089-4434-B818-873BB3B2DEB1}.Release.Build.0 = Release|Win32
	EndGlobalSection
	GlobalSection(ExtensibilityGlobals) = postSolution
	EndGlobalSection
	GlobalSection(ExtensibilityAddIns) = postSolution
	EndGlobalSection
EndGlobal
