<?xml version="1.0" encoding="utf-8"?>
<Project ToolsVersion="4.0" xmlns="http://schemas.microsoft.com/developer/msbuild/2003">
  <ItemGroup>
    <ClCompile Include="bzfscron.cpp">
      <Filter>Source Files</Filter>
    </ClCompile>
    <ClCompile Include="CronJob.cpp">
      <Filter>Source Files</Filter>
    </ClCompile>
  </ItemGroup>
  <ItemGroup>
    <ClInclude Include="..\..\include\bzfsAPI.h">
      <Filter>Header Files</Filter>
    </ClInclude>
    <ClInclude Include="CronJob.h">
      <Filter>Header Files</Filter>
    </ClInclude>
  </ItemGroup>
  <ItemGroup>
    <None Include="README.bzfscron.txt" />
  </ItemGroup>
  <ItemGroup>
    <Filter Include="Header Files">
      <UniqueIdentifier>{97005159-0713-430e-8ffc-fc51184fc152}</UniqueIdentifier>
    </Filter>
    <Filter Include="Source Files">
      <UniqueIdentifier>{816ae911-7b8f-4076-86dd-536229e04802}</UniqueIdentifier>
    </Filter>
  </ItemGroup>
</Project>