Microsoft Visual Studio Solution File, Format Version 9.00
# Visual Studio 2005
Project("{8BC9CEB8-8B4A-11D0-8D11-00A0C91BC942}") = "libirc", "libirc.vcproj", "{C5D9B854-BC07-48F5-8E51-16A4B23D60FF}"
EndProject
Global
	GlobalSection(SolutionConfigurationPlatforms) = preSolution
		Debug|Win32 = Debug|Win32
		Release|Win32 = Release|Win32
	EndGlobalSection
	GlobalSection(ProjectConfigurationPlatforms) = postSolution
		{C5D9B854-BC07-48F5-8E51-16A4B23D60FF}.Debug|Win32.ActiveCfg = Debug|Win32
		{C5D9B854-BC07-48F5-8E51-16A4B23D60FF}.Debug|Win32.Build.0 = Debug|Win32
		{C5D9B854-BC07-48F5-8E51-16A4B23D60FF}.Release|Win32.ActiveCfg = Release|Win32
		{C5D9B854-BC07-48F5-8E51-16A4B23D60FF}.Release|Win32.Build.0 = Release|Win32
	EndGlobalSection
	GlobalSection(SolutionProperties) = preSolution
		HideSolutionNode = FALSE
	EndGlobalSection
EndGlobal
